// !$*UTF8*$!
{
	archiveVersion = 1;
	classes = {
	};
	objectVersion = 46;
	objects = {

/* Begin PBXBuildFile section */
		1CD33E884D9E3358252E82A1 /* ofxToggle.cpp in Sources */ = {isa = PBXBuildFile; fileRef = 907C5B5E104864A2D3A25745 /* ofxToggle.cpp */; };
		38799893026762FF2D783B61 /* ofxFaust.cpp in Sources */ = {isa = PBXBuildFile; fileRef = 694969224806CC36FA800231 /* ofxFaust.cpp */; };
		483908258D00B98B4BE69F07 /* ofxLabel.cpp in Sources */ = {isa = PBXBuildFile; fileRef = 78D67A00EB899FAC09430597 /* ofxLabel.cpp */; };
		5CBB2AB3A60F65431D7B555D /* ofxButton.cpp in Sources */ = {isa = PBXBuildFile; fileRef = C88333E71C9457E441C33474 /* ofxButton.cpp */; };
		64A677F11CE21FF500D89C2E /* libLLVM-3.5.dylib in Frameworks */ = {isa = PBXBuildFile; fileRef = 64A677F01CE21FF500D89C2E /* libLLVM-3.5.dylib */; };
		64A677F61CE223CA00D89C2E /* libfaust.a in Frameworks */ = {isa = PBXBuildFile; fileRef = 64A677F51CE223CA00D89C2E /* libfaust.a */; };
		837220E80EB56CD44AD27F2A /* ofxSlider.cpp in Sources */ = {isa = PBXBuildFile; fileRef = 15F2C6477A769C03A56D1401 /* ofxSlider.cpp */; };
		856AA354D08AB4B323081444 /* ofxBaseGui.cpp in Sources */ = {isa = PBXBuildFile; fileRef = 9604B925D32EE39065747725 /* ofxBaseGui.cpp */; };
		B266578FC55D23BFEBC042E7 /* ofxGuiGroup.cpp in Sources */ = {isa = PBXBuildFile; fileRef = ECF8674C7975F1063C5E30CA /* ofxGuiGroup.cpp */; };
		B56FE57CC35806596D38118C /* ofxSliderGroup.cpp in Sources */ = {isa = PBXBuildFile; fileRef = 802251BAF1B35B1D67B32FD0 /* ofxSliderGroup.cpp */; };
		E4328149138ABC9F0047C5CB /* openFrameworksDebug.a in Frameworks */ = {isa = PBXBuildFile; fileRef = E4328148138ABC890047C5CB /* openFrameworksDebug.a */; };
		E4B69E200A3A1BDC003C02F2 /* main.cpp in Sources */ = {isa = PBXBuildFile; fileRef = E4B69E1D0A3A1BDC003C02F2 /* main.cpp */; };
		E4B69E210A3A1BDC003C02F2 /* ofApp.cpp in Sources */ = {isa = PBXBuildFile; fileRef = E4B69E1E0A3A1BDC003C02F2 /* ofApp.cpp */; };
		F285EB3169F1566CA3D93C20 /* ofxPanel.cpp in Sources */ = {isa = PBXBuildFile; fileRef = E112B3AEBEA2C091BF2B40AE /* ofxPanel.cpp */; };
/* End PBXBuildFile section */

/* Begin PBXContainerItemProxy section */
		E4328147138ABC890047C5CB /* PBXContainerItemProxy */ = {
			isa = PBXContainerItemProxy;
			containerPortal = E4328143138ABC890047C5CB /* openFrameworksLib.xcodeproj */;
			proxyType = 2;
			remoteGlobalIDString = E4B27C1510CBEB8E00536013;
			remoteInfo = openFrameworks;
		};
		E4EEB9AB138B136A00A80321 /* PBXContainerItemProxy */ = {
			isa = PBXContainerItemProxy;
			containerPortal = E4328143138ABC890047C5CB /* openFrameworksLib.xcodeproj */;
			proxyType = 1;
			remoteGlobalIDString = E4B27C1410CBEB8E00536013;
			remoteInfo = openFrameworks;
		};
/* End PBXContainerItemProxy section */

/* Begin PBXCopyFilesBuildPhase section */
		E4C2427710CC5ABF004149E2 /* CopyFiles */ = {
			isa = PBXCopyFilesBuildPhase;
			buildActionMask = 2147483647;
			dstPath = "";
			dstSubfolderSpec = 10;
			files = (
			);
			runOnlyForDeploymentPostprocessing = 0;
		};
/* End PBXCopyFilesBuildPhase section */

/* Begin PBXFileReference section */
		01BAC5556B125BD3B807D0D9 /* sigorderrules.cpp */ = {isa = PBXFileReference; explicitFileType = sourcecode.cpp.cpp; fileEncoding = 30; name = sigorderrules.cpp; path = ../../../addons/ofxFaust/libs/libfaust/include/signals/sigorderrules.cpp; sourceTree = SOURCE_ROOT; };
		05FC77F9AF102616FF5D1A43 /* TMutex.h */ = {isa = PBXFileReference; explicitFileType = sourcecode.c.h; fileEncoding = 30; name = TMutex.h; path = ../../../addons/ofxFaust/libs/libfaust/include/utils/TMutex.h; sourceTree = SOURCE_ROOT; };
		08937A258455F60FC359ACC1 /* doc_metadatas.cpp */ = {isa = PBXFileReference; explicitFileType = sourcecode.cpp.cpp; fileEncoding = 30; name = doc_metadatas.cpp; path = ../../../addons/ofxFaust/libs/libfaust/include/documentator/doc_metadatas.cpp; sourceTree = SOURCE_ROOT; };
		0A1DAC09F322AE313A40706D /* ofxToggle.h */ = {isa = PBXFileReference; explicitFileType = sourcecode.c.h; fileEncoding = 30; name = ofxToggle.h; path = ../../../addons/ofxGui/src/ofxToggle.h; sourceTree = SOURCE_ROOT; };
		0A207D6D46B62AD4DB2A53D2 /* android-dsp.h */ = {isa = PBXFileReference; explicitFileType = sourcecode.c.h; fileEncoding = 30; name = "android-dsp.h"; path = "../../../addons/ofxFaust/libs/libfaust/include/faust/audio/android-dsp.h"; sourceTree = SOURCE_ROOT; };
		0A497D80D38CFBC79ABCAB85 /* dsp-adapter.h */ = {isa = PBXFileReference; explicitFileType = sourcecode.c.h; fileEncoding = 30; name = "dsp-adapter.h"; path = "../../../addons/ofxFaust/libs/libfaust/include/faust/dsp/dsp-adapter.h"; sourceTree = SOURCE_ROOT; };
		0B8090E42C43AC79CB3453EA /* doc.cpp */ = {isa = PBXFileReference; explicitFileType = sourcecode.cpp.cpp; fileEncoding = 30; name = doc.cpp; path = ../../../addons/ofxFaust/libs/libfaust/include/documentator/doc.cpp; sourceTree = SOURCE_ROOT; };
		0D2AB7E18ED9DEC3F80A084D /* cutSchema.cpp */ = {isa = PBXFileReference; explicitFileType = sourcecode.cpp.cpp; fileEncoding = 30; name = cutSchema.cpp; path = ../../../addons/ofxFaust/libs/libfaust/include/draw/schema/cutSchema.cpp; sourceTree = SOURCE_ROOT; };
		0D45977342FAF1DC4AF898F6 /* PSDev.cpp */ = {isa = PBXFileReference; explicitFileType = sourcecode.cpp.cpp; fileEncoding = 30; name = PSDev.cpp; path = ../../../addons/ofxFaust/libs/libfaust/include/draw/device/PSDev.cpp; sourceTree = SOURCE_ROOT; };
		0DCB620D3F48931C4F05A788 /* blockSchema.h */ = {isa = PBXFileReference; explicitFileType = sourcecode.c.h; fileEncoding = 30; name = blockSchema.h; path = ../../../addons/ofxFaust/libs/libfaust/include/draw/schema/blockSchema.h; sourceTree = SOURCE_ROOT; };
		0F00F209FC05E5531C3AA7BC /* MapUI.h */ = {isa = PBXFileReference; explicitFileType = sourcecode.c.h; fileEncoding = 30; name = MapUI.h; path = ../../../addons/ofxFaust/libs/libfaust/include/faust/gui/MapUI.h; sourceTree = SOURCE_ROOT; };
		0FC9D3A72E84530CFAB801E9 /* compatibility.cpp */ = {isa = PBXFileReference; explicitFileType = sourcecode.cpp.cpp; fileEncoding = 30; name = compatibility.cpp; path = ../../../addons/ofxFaust/libs/libfaust/include/tlib/compatibility.cpp; sourceTree = SOURCE_ROOT; };
		102F60D62758A3A2DA68B265 /* collector.cpp */ = {isa = PBXFileReference; explicitFileType = sourcecode.cpp.cpp; fileEncoding = 30; name = collector.cpp; path = ../../../addons/ofxFaust/libs/libfaust/include/draw/schema/collector.cpp; sourceTree = SOURCE_ROOT; };
		10C2F9B7FC25008E84445616 /* description.cpp */ = {isa = PBXFileReference; explicitFileType = sourcecode.cpp.cpp; fileEncoding = 30; name = description.cpp; path = ../../../addons/ofxFaust/libs/libfaust/include/generator/description.cpp; sourceTree = SOURCE_ROOT; };
		10F9D7B07307D44FA7CE64D7 /* recSchema.cpp */ = {isa = PBXFileReference; explicitFileType = sourcecode.cpp.cpp; fileEncoding = 30; name = recSchema.cpp; path = ../../../addons/ofxFaust/libs/libfaust/include/draw/schema/recSchema.cpp; sourceTree = SOURCE_ROOT; };
		127A6A40B52C8824EECDB25E /* alsa-dsp.h */ = {isa = PBXFileReference; explicitFileType = sourcecode.c.h; fileEncoding = 30; name = "alsa-dsp.h"; path = "../../../addons/ofxFaust/libs/libfaust/include/faust/audio/alsa-dsp.h"; sourceTree = SOURCE_ROOT; };
		12FB6DC656AB182A7C8416A5 /* binop.cpp */ = {isa = PBXFileReference; explicitFileType = sourcecode.cpp.cpp; fileEncoding = 30; name = binop.cpp; path = ../../../addons/ofxFaust/libs/libfaust/include/signals/binop.cpp; sourceTree = SOURCE_ROOT; };
		1542A0617227A08686D9A803 /* boxes.cpp */ = {isa = PBXFileReference; explicitFileType = sourcecode.cpp.cpp; fileEncoding = 30; name = boxes.cpp; path = ../../../addons/ofxFaust/libs/libfaust/include/boxes/boxes.cpp; sourceTree = SOURCE_ROOT; };
		15F2C6477A769C03A56D1401 /* ofxSlider.cpp */ = {isa = PBXFileReference; explicitFileType = sourcecode.cpp.cpp; fileEncoding = 30; name = ofxSlider.cpp; path = ../../../addons/ofxGui/src/ofxSlider.cpp; sourceTree = SOURCE_ROOT; };
		17E65988300FBD9AAA2CD0CA /* ofxGui.h */ = {isa = PBXFileReference; explicitFileType = sourcecode.c.h; fileEncoding = 30; name = ofxGui.h; path = ../../../addons/ofxGui/src/ofxGui.h; sourceTree = SOURCE_ROOT; };
		17E9949407F0747AE7603C91 /* sigtyperules.cpp */ = {isa = PBXFileReference; explicitFileType = sourcecode.cpp.cpp; fileEncoding = 30; name = sigtyperules.cpp; path = ../../../addons/ofxFaust/libs/libfaust/include/signals/sigtyperules.cpp; sourceTree = SOURCE_ROOT; };
		181A3553545F93E97D6A3C82 /* clang_code_container.cpp */ = {isa = PBXFileReference; explicitFileType = sourcecode.cpp.cpp; fileEncoding = 30; name = clang_code_container.cpp; path = ../../../addons/ofxFaust/libs/libfaust/include/generator/llvm/clang_code_container.cpp; sourceTree = SOURCE_ROOT; };
		18228ACE6741095060C89198 /* connectorSchema.cpp */ = {isa = PBXFileReference; explicitFileType = sourcecode.cpp.cpp; fileEncoding = 30; name = connectorSchema.cpp; path = ../../../addons/ofxFaust/libs/libfaust/include/draw/schema/connectorSchema.cpp; sourceTree = SOURCE_ROOT; };
		18E51C0A6F7A71F64F0F2227 /* aterm.cpp */ = {isa = PBXFileReference; explicitFileType = sourcecode.cpp.cpp; fileEncoding = 30; name = aterm.cpp; path = ../../../addons/ofxFaust/libs/libfaust/include/normalize/aterm.cpp; sourceTree = SOURCE_ROOT; };
		18FE4B3D6A9ED15EC4C34174 /* UIGlue.h */ = {isa = PBXFileReference; explicitFileType = sourcecode.c.h; fileEncoding = 30; name = UIGlue.h; path = ../../../addons/ofxFaust/libs/libfaust/include/faust/gui/UIGlue.h; sourceTree = SOURCE_ROOT; };
		1B57DDE8CF8F9A9BDD0B23E7 /* boxtype.cpp */ = {isa = PBXFileReference; explicitFileType = sourcecode.cpp.cpp; fileEncoding = 30; name = boxtype.cpp; path = ../../../addons/ofxFaust/libs/libfaust/include/boxes/boxtype.cpp; sourceTree = SOURCE_ROOT; };
		1C0DA2561397A7DE0246858B /* ofxGuiGroup.h */ = {isa = PBXFileReference; explicitFileType = sourcecode.c.h; fileEncoding = 30; name = ofxGuiGroup.h; path = ../../../addons/ofxGui/src/ofxGuiGroup.h; sourceTree = SOURCE_ROOT; };
		1ED9E51B9985B43640AFA8DF /* enrobage.cpp */ = {isa = PBXFileReference; explicitFileType = sourcecode.cpp.cpp; fileEncoding = 30; name = enrobage.cpp; path = ../../../addons/ofxFaust/libs/libfaust/include/parser/enrobage.cpp; sourceTree = SOURCE_ROOT; };
		20C159445E01235800748BD8 /* sigvisitor.cpp */ = {isa = PBXFileReference; explicitFileType = sourcecode.cpp.cpp; fileEncoding = 30; name = sigvisitor.cpp; path = ../../../addons/ofxFaust/libs/libfaust/include/signals/sigvisitor.cpp; sourceTree = SOURCE_ROOT; };
		2228BE6C6BEBA180B0F3ED2A /* httpdUI.h */ = {isa = PBXFileReference; explicitFileType = sourcecode.c.h; fileEncoding = 30; name = httpdUI.h; path = ../../../addons/ofxFaust/libs/libfaust/include/faust/gui/httpdUI.h; sourceTree = SOURCE_ROOT; };
		22E71F082CA12E78E023AB7E /* rt-midi.h */ = {isa = PBXFileReference; explicitFileType = sourcecode.c.h; fileEncoding = 30; name = "rt-midi.h"; path = "../../../addons/ofxFaust/libs/libfaust/include/faust/midi/rt-midi.h"; sourceTree = SOURCE_ROOT; };
		253EF7498D51A1B549B9C570 /* OCVUI.h */ = {isa = PBXFileReference; explicitFileType = sourcecode.c.h; fileEncoding = 30; name = OCVUI.h; path = ../../../addons/ofxFaust/libs/libfaust/include/faust/gui/OCVUI.h; sourceTree = SOURCE_ROOT; };
		2834D88A62CD23F3DE2C47D1 /* ofxButton.h */ = {isa = PBXFileReference; explicitFileType = sourcecode.c.h; fileEncoding = 30; name = ofxButton.h; path = ../../../addons/ofxGui/src/ofxButton.h; sourceTree = SOURCE_ROOT; };
		289E23D42B3EBF5D600F7BAE /* sigprint.cpp */ = {isa = PBXFileReference; explicitFileType = sourcecode.cpp.cpp; fileEncoding = 30; name = sigprint.cpp; path = ../../../addons/ofxFaust/libs/libfaust/include/signals/sigprint.cpp; sourceTree = SOURCE_ROOT; };
		29BE858CAA5581DBCA30A5F4 /* mergeSchema.cpp */ = {isa = PBXFileReference; explicitFileType = sourcecode.cpp.cpp; fileEncoding = 30; name = mergeSchema.cpp; path = ../../../addons/ofxFaust/libs/libfaust/include/draw/schema/mergeSchema.cpp; sourceTree = SOURCE_ROOT; };
		2DDD3B7BFFD070A1378207B2 /* SVGDev.cpp */ = {isa = PBXFileReference; explicitFileType = sourcecode.cpp.cpp; fileEncoding = 30; name = SVGDev.cpp; path = ../../../addons/ofxFaust/libs/libfaust/include/draw/device/SVGDev.cpp; sourceTree = SOURCE_ROOT; };
		2FFDAFB699D992415EAEC259 /* fir_code_container.cpp */ = {isa = PBXFileReference; explicitFileType = sourcecode.cpp.cpp; fileEncoding = 30; name = fir_code_container.cpp; path = ../../../addons/ofxFaust/libs/libfaust/include/generator/fir/fir_code_container.cpp; sourceTree = SOURCE_ROOT; };
		30BB846D3D88EE7AF0043B19 /* errormsg.cpp */ = {isa = PBXFileReference; explicitFileType = sourcecode.cpp.cpp; fileEncoding = 30; name = errormsg.cpp; path = ../../../addons/ofxFaust/libs/libfaust/include/errors/errormsg.cpp; sourceTree = SOURCE_ROOT; };
		312DADEC588E951DD7F6891D /* SimpleParser.h */ = {isa = PBXFileReference; explicitFileType = sourcecode.c.h; fileEncoding = 30; name = SimpleParser.h; path = ../../../addons/ofxFaust/libs/libfaust/include/faust/gui/SimpleParser.h; sourceTree = SOURCE_ROOT; };
		3193613B7D4FF4E24F44634A /* splitSchema.h */ = {isa = PBXFileReference; explicitFileType = sourcecode.c.h; fileEncoding = 30; name = splitSchema.h; path = ../../../addons/ofxFaust/libs/libfaust/include/draw/schema/splitSchema.h; sourceTree = SOURCE_ROOT; };
		33200800C39AEC1D3DE2CB55 /* lateq.cpp */ = {isa = PBXFileReference; explicitFileType = sourcecode.cpp.cpp; fileEncoding = 30; name = lateq.cpp; path = ../../../addons/ofxFaust/libs/libfaust/include/documentator/lateq.cpp; sourceTree = SOURCE_ROOT; };
		342BABEC9B83BFB5D10ACC13 /* instructions_compiler.cpp */ = {isa = PBXFileReference; explicitFileType = sourcecode.cpp.cpp; fileEncoding = 30; name = instructions_compiler.cpp; path = ../../../addons/ofxFaust/libs/libfaust/include/generator/instructions_compiler.cpp; sourceTree = SOURCE_ROOT; };
		3548D64F7EBAC73E2DE5B626 /* seqSchema.h */ = {isa = PBXFileReference; explicitFileType = sourcecode.c.h; fileEncoding = 30; name = seqSchema.h; path = ../../../addons/ofxFaust/libs/libfaust/include/draw/schema/seqSchema.h; sourceTree = SOURCE_ROOT; };
		394D1B5E2612FD20753EA3A9 /* seqSchema.cpp */ = {isa = PBXFileReference; explicitFileType = sourcecode.cpp.cpp; fileEncoding = 30; name = seqSchema.cpp; path = ../../../addons/ofxFaust/libs/libfaust/include/draw/schema/seqSchema.cpp; sourceTree = SOURCE_ROOT; };
		3A54932AC9DD2E6C6784434F /* vstui.h */ = {isa = PBXFileReference; explicitFileType = sourcecode.c.h; fileEncoding = 30; name = vstui.h; path = ../../../addons/ofxFaust/libs/libfaust/include/faust/vst/vstui.h; sourceTree = SOURCE_ROOT; };
		3BB91FFA2A4D7DF13D850FB3 /* inverterSchema.cpp */ = {isa = PBXFileReference; explicitFileType = sourcecode.cpp.cpp; fileEncoding = 30; name = inverterSchema.cpp; path = ../../../addons/ofxFaust/libs/libfaust/include/draw/schema/inverterSchema.cpp; sourceTree = SOURCE_ROOT; };
		3C3ADC3829A86A6B020805E5 /* eval.cpp */ = {isa = PBXFileReference; explicitFileType = sourcecode.cpp.cpp; fileEncoding = 30; name = eval.cpp; path = ../../../addons/ofxFaust/libs/libfaust/include/evaluate/eval.cpp; sourceTree = SOURCE_ROOT; };
		3C571D49FBDA96F1245176A2 /* UI.h */ = {isa = PBXFileReference; explicitFileType = sourcecode.c.h; fileEncoding = 30; name = UI.h; path = ../../../addons/ofxFaust/libs/libfaust/include/faust/gui/UI.h; sourceTree = SOURCE_ROOT; };
		3EC6200D2223D2977ED4167B /* connectorSchema.h */ = {isa = PBXFileReference; explicitFileType = sourcecode.c.h; fileEncoding = 30; name = connectorSchema.h; path = ../../../addons/ofxFaust/libs/libfaust/include/draw/schema/connectorSchema.h; sourceTree = SOURCE_ROOT; };
		4019C8C13A7E54943EEAD1AD /* CUI.h */ = {isa = PBXFileReference; explicitFileType = sourcecode.c.h; fileEncoding = 30; name = CUI.h; path = ../../../addons/ofxFaust/libs/libfaust/include/faust/gui/CUI.h; sourceTree = SOURCE_ROOT; };
		4045442B013C5FE463975562 /* parSchema.h */ = {isa = PBXFileReference; explicitFileType = sourcecode.c.h; fileEncoding = 30; name = parSchema.h; path = ../../../addons/ofxFaust/libs/libfaust/include/draw/schema/parSchema.h; sourceTree = SOURCE_ROOT; };
		40F22304A62078D1335E8DC7 /* timed-dsp.h */ = {isa = PBXFileReference; explicitFileType = sourcecode.c.h; fileEncoding = 30; name = "timed-dsp.h"; path = "../../../addons/ofxFaust/libs/libfaust/include/faust/dsp/timed-dsp.h"; sourceTree = SOURCE_ROOT; };
		432F9EE66219ADA93DEA1415 /* GUI.h */ = {isa = PBXFileReference; explicitFileType = sourcecode.c.h; fileEncoding = 30; name = GUI.h; path = ../../../addons/ofxFaust/libs/libfaust/include/faust/gui/GUI.h; sourceTree = SOURCE_ROOT; };
		4426393BA855E1FA1D9EB66D /* mterm.cpp */ = {isa = PBXFileReference; explicitFileType = sourcecode.cpp.cpp; fileEncoding = 30; name = mterm.cpp; path = ../../../addons/ofxFaust/libs/libfaust/include/normalize/mterm.cpp; sourceTree = SOURCE_ROOT; };
		4486CA30ABC57185055A9FC3 /* wss_code_container.cpp */ = {isa = PBXFileReference; explicitFileType = sourcecode.cpp.cpp; fileEncoding = 30; name = wss_code_container.cpp; path = ../../../addons/ofxFaust/libs/libfaust/include/generator/wss_code_container.cpp; sourceTree = SOURCE_ROOT; };
		475FFBE10F529A9BEA4FDA9D /* sigToGraph.cpp */ = {isa = PBXFileReference; explicitFileType = sourcecode.cpp.cpp; fileEncoding = 30; name = sigToGraph.cpp; path = ../../../addons/ofxFaust/libs/libfaust/include/draw/sigToGraph.cpp; sourceTree = SOURCE_ROOT; };
		4877E7FFC7E2E3AFF184A588 /* SVGDev.h */ = {isa = PBXFileReference; explicitFileType = sourcecode.c.h; fileEncoding = 30; name = SVGDev.h; path = ../../../addons/ofxFaust/libs/libfaust/include/draw/device/SVGDev.h; sourceTree = SOURCE_ROOT; };
		4DC21FF9834BDBA130AD431A /* misc.h */ = {isa = PBXFileReference; explicitFileType = sourcecode.c.h; fileEncoding = 30; name = misc.h; path = ../../../addons/ofxFaust/libs/libfaust/include/faust/misc.h; sourceTree = SOURCE_ROOT; };
		4E715F861F9545C51F91EEDD /* cableSchema.h */ = {isa = PBXFileReference; explicitFileType = sourcecode.c.h; fileEncoding = 30; name = cableSchema.h; path = ../../../addons/ofxFaust/libs/libfaust/include/draw/schema/cableSchema.h; sourceTree = SOURCE_ROOT; };
		4F7468E221CD6B14E39CD46D /* rtaudio-dsp.h */ = {isa = PBXFileReference; explicitFileType = sourcecode.c.h; fileEncoding = 30; name = "rtaudio-dsp.h"; path = "../../../addons/ofxFaust/libs/libfaust/include/faust/audio/rtaudio-dsp.h"; sourceTree = SOURCE_ROOT; };
		50B71C8FA167D546FC7E2E10 /* faustgtk.h */ = {isa = PBXFileReference; explicitFileType = sourcecode.c.h; fileEncoding = 30; name = faustgtk.h; path = ../../../addons/ofxFaust/libs/libfaust/include/faust/gui/faustgtk.h; sourceTree = SOURCE_ROOT; };
		50E712CE38B7F6B90E47CFF2 /* netjack-dsp.h */ = {isa = PBXFileReference; explicitFileType = sourcecode.c.h; fileEncoding = 30; name = "netjack-dsp.h"; path = "../../../addons/ofxFaust/libs/libfaust/include/faust/audio/netjack-dsp.h"; sourceTree = SOURCE_ROOT; };
		52AFA1F08C420992CAAAE648 /* ofxSlider.h */ = {isa = PBXFileReference; explicitFileType = sourcecode.c.h; fileEncoding = 30; name = ofxSlider.h; path = ../../../addons/ofxGui/src/ofxSlider.h; sourceTree = SOURCE_ROOT; };
		5497D581E5C230BFCA69B227 /* environment.cpp */ = {isa = PBXFileReference; explicitFileType = sourcecode.cpp.cpp; fileEncoding = 30; name = environment.cpp; path = ../../../addons/ofxFaust/libs/libfaust/include/evaluate/environment.cpp; sourceTree = SOURCE_ROOT; };
		5733A800940385DDF6A1024A /* enlargedSchema.h */ = {isa = PBXFileReference; explicitFileType = sourcecode.c.h; fileEncoding = 30; name = enlargedSchema.h; path = ../../../addons/ofxFaust/libs/libfaust/include/draw/schema/enlargedSchema.h; sourceTree = SOURCE_ROOT; };
		584B8A827707397DBA6DAB28 /* loopDetector.cpp */ = {isa = PBXFileReference; explicitFileType = sourcecode.cpp.cpp; fileEncoding = 30; name = loopDetector.cpp; path = ../../../addons/ofxFaust/libs/libfaust/include/evaluate/loopDetector.cpp; sourceTree = SOURCE_ROOT; };
		58D4978B777F69A2B8479F67 /* rn_base64.h */ = {isa = PBXFileReference; explicitFileType = sourcecode.c.h; fileEncoding = 30; name = rn_base64.h; path = ../../../addons/ofxFaust/libs/libfaust/include/generator/llvm/rn_base64.h; sourceTree = SOURCE_ROOT; };
		58E330B9BC3990CCD32DB1D7 /* timing.cpp */ = {isa = PBXFileReference; explicitFileType = sourcecode.cpp.cpp; fileEncoding = 30; name = timing.cpp; path = ../../../addons/ofxFaust/libs/libfaust/include/errors/timing.cpp; sourceTree = SOURCE_ROOT; };
		59B0FF81CAF6F95B2F297F84 /* llvm_code_container.cpp */ = {isa = PBXFileReference; explicitFileType = sourcecode.cpp.cpp; fileEncoding = 30; name = llvm_code_container.cpp; path = ../../../addons/ofxFaust/libs/libfaust/include/generator/llvm/llvm_code_container.cpp; sourceTree = SOURCE_ROOT; };
		59CE161A97C830211C0F60D9 /* names.cpp */ = {isa = PBXFileReference; explicitFileType = sourcecode.cpp.cpp; fileEncoding = 30; name = names.cpp; path = ../../../addons/ofxFaust/libs/libfaust/include/utils/names.cpp; sourceTree = SOURCE_ROOT; };
		5B711BD663643F00E45B9C64 /* meta.h */ = {isa = PBXFileReference; explicitFileType = sourcecode.c.h; fileEncoding = 30; name = meta.h; path = ../../../addons/ofxFaust/libs/libfaust/include/faust/gui/meta.h; sourceTree = SOURCE_ROOT; };
		5C3F5C1DD00A15D74CC39644 /* devLib.h */ = {isa = PBXFileReference; explicitFileType = sourcecode.c.h; fileEncoding = 30; name = devLib.h; path = ../../../addons/ofxFaust/libs/libfaust/include/draw/device/devLib.h; sourceTree = SOURCE_ROOT; };
		5C93C9697CA3BEF24AE95FCF /* ControlUI.h */ = {isa = PBXFileReference; explicitFileType = sourcecode.c.h; fileEncoding = 30; name = ControlUI.h; path = ../../../addons/ofxFaust/libs/libfaust/include/faust/gui/ControlUI.h; sourceTree = SOURCE_ROOT; };
		5CCCCF47092797986D8CDF1D /* libmain.cpp */ = {isa = PBXFileReference; explicitFileType = sourcecode.cpp.cpp; fileEncoding = 30; name = libmain.cpp; path = ../../../addons/ofxFaust/libs/libfaust/include/libmain.cpp; sourceTree = SOURCE_ROOT; };
		5F4A71FDB150ADB72BC99144 /* code_loop.cpp */ = {isa = PBXFileReference; explicitFileType = sourcecode.cpp.cpp; fileEncoding = 30; name = code_loop.cpp; path = ../../../addons/ofxFaust/libs/libfaust/include/parallelize/code_loop.cpp; sourceTree = SOURCE_ROOT; };
		628CFCFB9A42884F600E6481 /* doc_Text.cpp */ = {isa = PBXFileReference; explicitFileType = sourcecode.cpp.cpp; fileEncoding = 30; name = doc_Text.cpp; path = ../../../addons/ofxFaust/libs/libfaust/include/documentator/doc_Text.cpp; sourceTree = SOURCE_ROOT; };
		64A677F01CE21FF500D89C2E /* libLLVM-3.5.dylib */ = {isa = PBXFileReference; lastKnownFileType = "compiled.mach-o.dylib"; name = "libLLVM-3.5.dylib"; path = "../../../../../../usr/local/Cellar/llvm35/3.5.1/lib/llvm-3.5/lib/libLLVM-3.5.dylib"; sourceTree = "<group>"; };
		64A677F31CE2219800D89C2E /* llvm-dsp.h */ = {isa = PBXFileReference; fileEncoding = 4; lastKnownFileType = sourcecode.c.h; path = "llvm-dsp.h"; sourceTree = "<group>"; };
		64A677F51CE223CA00D89C2E /* libfaust.a */ = {isa = PBXFileReference; lastKnownFileType = archive.ar; name = libfaust.a; path = ../../../addons/ofxFaust/libs/libfaust/lib/libfaust.a; sourceTree = "<group>"; };
		64E6C919A3DC194781B7D89F /* schema.h */ = {isa = PBXFileReference; explicitFileType = sourcecode.c.h; fileEncoding = 30; name = schema.h; path = ../../../addons/ofxFaust/libs/libfaust/include/draw/schema/schema.h; sourceTree = SOURCE_ROOT; };
		65B365E175345B40C6F2D40F /* cutSchema.h */ = {isa = PBXFileReference; explicitFileType = sourcecode.c.h; fileEncoding = 30; name = cutSchema.h; path = ../../../addons/ofxFaust/libs/libfaust/include/draw/schema/cutSchema.h; sourceTree = SOURCE_ROOT; };
		661037484E34DFB6310E9209 /* JSONUI.h */ = {isa = PBXFileReference; explicitFileType = sourcecode.c.h; fileEncoding = 30; name = JSONUI.h; path = ../../../addons/ofxFaust/libs/libfaust/include/faust/gui/JSONUI.h; sourceTree = SOURCE_ROOT; };
		676CA01C38692421D2BBF1DF /* inverterSchema.h */ = {isa = PBXFileReference; explicitFileType = sourcecode.c.h; fileEncoding = 30; name = inverterSchema.h; path = ../../../addons/ofxFaust/libs/libfaust/include/draw/schema/inverterSchema.h; sourceTree = SOURCE_ROOT; };
		679D7AA293A481D8750C94DD /* subsignals.cpp */ = {isa = PBXFileReference; explicitFileType = sourcecode.cpp.cpp; fileEncoding = 30; name = subsignals.cpp; path = ../../../addons/ofxFaust/libs/libfaust/include/signals/subsignals.cpp; sourceTree = SOURCE_ROOT; };
		6807A34CA9D7207B2CE61A68 /* occurences.cpp */ = {isa = PBXFileReference; explicitFileType = sourcecode.cpp.cpp; fileEncoding = 30; name = occurences.cpp; path = ../../../addons/ofxFaust/libs/libfaust/include/generator/occurences.cpp; sourceTree = SOURCE_ROOT; };
		689E71EE800070A6F9E9A55A /* doc_compile.cpp */ = {isa = PBXFileReference; explicitFileType = sourcecode.cpp.cpp; fileEncoding = 30; name = doc_compile.cpp; path = ../../../addons/ofxFaust/libs/libfaust/include/documentator/doc_compile.cpp; sourceTree = SOURCE_ROOT; };
		68E5CF078ECA0DE04DA1E152 /* propagate.cpp */ = {isa = PBXFileReference; explicitFileType = sourcecode.cpp.cpp; fileEncoding = 30; name = propagate.cpp; path = ../../../addons/ofxFaust/libs/libfaust/include/propagate/propagate.cpp; sourceTree = SOURCE_ROOT; };
		694969224806CC36FA800231 /* ofxFaust.cpp */ = {isa = PBXFileReference; explicitFileType = sourcecode.cpp.cpp; fileEncoding = 30; name = ofxFaust.cpp; path = ../../../addons/ofxFaust/src/ofxFaust.cpp; sourceTree = SOURCE_ROOT; };
		69EA60AC0E028B2CB41BD0D3 /* faust-poly-engine.h */ = {isa = PBXFileReference; explicitFileType = sourcecode.c.h; fileEncoding = 30; name = "faust-poly-engine.h"; path = "../../../addons/ofxFaust/libs/libfaust/include/faust/dsp/faust-poly-engine.h"; sourceTree = SOURCE_ROOT; };
		6A4357951EDD3C8D2516DBE4 /* doc_autodoc.cpp */ = {isa = PBXFileReference; explicitFileType = sourcecode.cpp.cpp; fileEncoding = 30; name = doc_autodoc.cpp; path = ../../../addons/ofxFaust/libs/libfaust/include/documentator/doc_autodoc.cpp; sourceTree = SOURCE_ROOT; };
		6AE65ADBE9DD982CDC5697F9 /* AUUI.h */ = {isa = PBXFileReference; explicitFileType = sourcecode.c.h; fileEncoding = 30; name = AUUI.h; path = ../../../addons/ofxFaust/libs/libfaust/include/faust/au/AUUI.h; sourceTree = SOURCE_ROOT; };
		6F1621FED8730AFE50225613 /* recursive-tree.cpp */ = {isa = PBXFileReference; explicitFileType = sourcecode.cpp.cpp; fileEncoding = 30; name = "recursive-tree.cpp"; path = "../../../addons/ofxFaust/libs/libfaust/include/tlib/recursive-tree.cpp"; sourceTree = SOURCE_ROOT; };
		6FEE73D9CCA96C8035F926E0 /* faustparser.hpp */ = {isa = PBXFileReference; explicitFileType = sourcecode.c.h; fileEncoding = 30; name = faustparser.hpp; path = ../../../addons/ofxFaust/libs/libfaust/include/parser/faustparser.hpp; sourceTree = SOURCE_ROOT; };
		7051A0D25321E26F8F4109A2 /* enlargedSchema.cpp */ = {isa = PBXFileReference; explicitFileType = sourcecode.cpp.cpp; fileEncoding = 30; name = enlargedSchema.cpp; path = ../../../addons/ofxFaust/libs/libfaust/include/draw/schema/enlargedSchema.cpp; sourceTree = SOURCE_ROOT; };
		706BCEB01DA85E377388B7EA /* faustlexer.cpp */ = {isa = PBXFileReference; explicitFileType = sourcecode.cpp.cpp; fileEncoding = 30; name = faustlexer.cpp; path = ../../../addons/ofxFaust/libs/libfaust/include/parser/faustlexer.cpp; sourceTree = SOURCE_ROOT; };
		721FFE5E6A107973302AF666 /* console.h */ = {isa = PBXFileReference; explicitFileType = sourcecode.c.h; fileEncoding = 30; name = console.h; path = ../../../addons/ofxFaust/libs/libfaust/include/faust/gui/console.h; sourceTree = SOURCE_ROOT; };
		76C49ED9EEE811DDBA2FC99B /* java_code_container.cpp */ = {isa = PBXFileReference; explicitFileType = sourcecode.cpp.cpp; fileEncoding = 30; name = java_code_container.cpp; path = ../../../addons/ofxFaust/libs/libfaust/include/generator/java/java_code_container.cpp; sourceTree = SOURCE_ROOT; };
		78D67A00EB899FAC09430597 /* ofxLabel.cpp */ = {isa = PBXFileReference; explicitFileType = sourcecode.cpp.cpp; fileEncoding = 30; name = ofxLabel.cpp; path = ../../../addons/ofxGui/src/ofxLabel.cpp; sourceTree = SOURCE_ROOT; };
		78F659E247D28B09B36F8F1C /* patternmatcher.cpp */ = {isa = PBXFileReference; explicitFileType = sourcecode.cpp.cpp; fileEncoding = 30; name = patternmatcher.cpp; path = ../../../addons/ofxFaust/libs/libfaust/include/patternmatcher/patternmatcher.cpp; sourceTree = SOURCE_ROOT; };
		7923112D92EBC51C65BEBE37 /* llvm-machine-dsp.h */ = {isa = PBXFileReference; explicitFileType = sourcecode.c.h; fileEncoding = 30; name = "llvm-machine-dsp.h"; path = "../../../addons/ofxFaust/libs/libfaust/include/generator/llvm/machine/llvm-machine-dsp.h"; sourceTree = SOURCE_ROOT; };
		79A3159A0F6101710D0D264E /* ppbox.cpp */ = {isa = PBXFileReference; explicitFileType = sourcecode.cpp.cpp; fileEncoding = 30; name = ppbox.cpp; path = ../../../addons/ofxFaust/libs/libfaust/include/boxes/ppbox.cpp; sourceTree = SOURCE_ROOT; };
		7E0C695E69AFD423181D1EA7 /* colorize.cpp */ = {isa = PBXFileReference; explicitFileType = sourcecode.cpp.cpp; fileEncoding = 30; name = colorize.cpp; path = ../../../addons/ofxFaust/libs/libfaust/include/parallelize/colorize.cpp; sourceTree = SOURCE_ROOT; };
		7F5B6BF7CE011D5577CF5875 /* sound-file.h */ = {isa = PBXFileReference; explicitFileType = sourcecode.c.h; fileEncoding = 30; name = "sound-file.h"; path = "../../../addons/ofxFaust/libs/libfaust/include/faust/sound-file.h"; sourceTree = SOURCE_ROOT; };
		7FBB7D7E245B85C2DE8C9316 /* xtended.cpp */ = {isa = PBXFileReference; explicitFileType = sourcecode.cpp.cpp; fileEncoding = 30; name = xtended.cpp; path = ../../../addons/ofxFaust/libs/libfaust/include/extended/xtended.cpp; sourceTree = SOURCE_ROOT; };
		802251BAF1B35B1D67B32FD0 /* ofxSliderGroup.cpp */ = {isa = PBXFileReference; explicitFileType = sourcecode.cpp.cpp; fileEncoding = 30; name = ofxSliderGroup.cpp; path = ../../../addons/ofxGui/src/ofxSliderGroup.cpp; sourceTree = SOURCE_ROOT; };
		813856A6D6C713C742A4BC1C /* llvm_dsp_aux.cpp */ = {isa = PBXFileReference; explicitFileType = sourcecode.cpp.cpp; fileEncoding = 30; name = llvm_dsp_aux.cpp; path = ../../../addons/ofxFaust/libs/libfaust/include/generator/llvm/llvm_dsp_aux.cpp; sourceTree = SOURCE_ROOT; };
		834920F35D380D96E701D733 /* cpp_gpu_code_container.cpp */ = {isa = PBXFileReference; explicitFileType = sourcecode.cpp.cpp; fileEncoding = 30; name = cpp_gpu_code_container.cpp; path = ../../../addons/ofxFaust/libs/libfaust/include/generator/cpp/cpp_gpu_code_container.cpp; sourceTree = SOURCE_ROOT; };
		848887E9F3757ECF48BDC4E6 /* signals.cpp */ = {isa = PBXFileReference; explicitFileType = sourcecode.cpp.cpp; fileEncoding = 30; name = signals.cpp; path = ../../../addons/ofxFaust/libs/libfaust/include/signals/signals.cpp; sourceTree = SOURCE_ROOT; };
		86450202AFF4060F9CC6B6F6 /* decorateSchema.h */ = {isa = PBXFileReference; explicitFileType = sourcecode.c.h; fileEncoding = 30; name = decorateSchema.h; path = ../../../addons/ofxFaust/libs/libfaust/include/draw/schema/decorateSchema.h; sourceTree = SOURCE_ROOT; };
		872EB73A6E085AA618C7DC9A /* coreaudio-ios-dsp.h */ = {isa = PBXFileReference; explicitFileType = sourcecode.c.h; fileEncoding = 30; name = "coreaudio-ios-dsp.h"; path = "../../../addons/ofxFaust/libs/libfaust/include/faust/audio/coreaudio-ios-dsp.h"; sourceTree = SOURCE_ROOT; };
		873B7D7F95E42EDF3F7FDCAC /* omp_code_container.cpp */ = {isa = PBXFileReference; explicitFileType = sourcecode.cpp.cpp; fileEncoding = 30; name = omp_code_container.cpp; path = ../../../addons/ofxFaust/libs/libfaust/include/generator/omp_code_container.cpp; sourceTree = SOURCE_ROOT; };
		87F26B4B24CBD428AD9EEBAA /* ofxBaseGui.h */ = {isa = PBXFileReference; explicitFileType = sourcecode.c.h; fileEncoding = 30; name = ofxBaseGui.h; path = ../../../addons/ofxGui/src/ofxBaseGui.h; sourceTree = SOURCE_ROOT; };
		8861BA11581C0E23A6934FDA /* jack-dsp.h */ = {isa = PBXFileReference; explicitFileType = sourcecode.c.h; fileEncoding = 30; name = "jack-dsp.h"; path = "../../../addons/ofxFaust/libs/libfaust/include/faust/audio/jack-dsp.h"; sourceTree = SOURCE_ROOT; };
		88B2E42B8F81C829901A4943 /* opensles-android-dsp.h */ = {isa = PBXFileReference; explicitFileType = sourcecode.c.h; fileEncoding = 30; name = "opensles-android-dsp.h"; path = "../../../addons/ofxFaust/libs/libfaust/include/faust/audio/opensles-android-dsp.h"; sourceTree = SOURCE_ROOT; };
		891089108E7FF178DC6EE11A /* RtMidi.h */ = {isa = PBXFileReference; explicitFileType = sourcecode.c.h; fileEncoding = 30; name = RtMidi.h; path = ../../../addons/ofxFaust/libs/libfaust/include/faust/midi/RtMidi.h; sourceTree = SOURCE_ROOT; };
		89449E3044D456F7DE7BEA14 /* ofxPanel.h */ = {isa = PBXFileReference; explicitFileType = sourcecode.c.h; fileEncoding = 30; name = ofxPanel.h; path = ../../../addons/ofxGui/src/ofxPanel.h; sourceTree = SOURCE_ROOT; };
		8B80787E3219DA04551887E5 /* parSchema.cpp */ = {isa = PBXFileReference; explicitFileType = sourcecode.cpp.cpp; fileEncoding = 30; name = parSchema.cpp; path = ../../../addons/ofxFaust/libs/libfaust/include/draw/schema/parSchema.cpp; sourceTree = SOURCE_ROOT; };
		8C00D344280C4037739A12A0 /* tree.cpp */ = {isa = PBXFileReference; explicitFileType = sourcecode.cpp.cpp; fileEncoding = 30; name = tree.cpp; path = ../../../addons/ofxFaust/libs/libfaust/include/tlib/tree.cpp; sourceTree = SOURCE_ROOT; };
		8C8D4F70FC5798B2E06E5E68 /* dummy-audio.h */ = {isa = PBXFileReference; explicitFileType = sourcecode.c.h; fileEncoding = 30; name = "dummy-audio.h"; path = "../../../addons/ofxFaust/libs/libfaust/include/faust/audio/dummy-audio.h"; sourceTree = SOURCE_ROOT; };
		8C9975B7EF82A171423F8B86 /* instructions.cpp */ = {isa = PBXFileReference; explicitFileType = sourcecode.cpp.cpp; fileEncoding = 30; name = instructions.cpp; path = ../../../addons/ofxFaust/libs/libfaust/include/generator/instructions.cpp; sourceTree = SOURCE_ROOT; };
		903BB5AFC6E49E4AA9FEB665 /* ofxFaustGui.h */ = {isa = PBXFileReference; explicitFileType = sourcecode.c.h; fileEncoding = 30; name = ofxFaustGui.h; path = ../../../addons/ofxFaust/src/ofxFaustGui.h; sourceTree = SOURCE_ROOT; };
		907C5B5E104864A2D3A25745 /* ofxToggle.cpp */ = {isa = PBXFileReference; explicitFileType = sourcecode.cpp.cpp; fileEncoding = 30; name = ofxToggle.cpp; path = ../../../addons/ofxGui/src/ofxToggle.cpp; sourceTree = SOURCE_ROOT; };
		9604B925D32EE39065747725 /* ofxBaseGui.cpp */ = {isa = PBXFileReference; explicitFileType = sourcecode.cpp.cpp; fileEncoding = 30; name = ofxBaseGui.cpp; path = ../../../addons/ofxGui/src/ofxBaseGui.cpp; sourceTree = SOURCE_ROOT; };
		98E1494D58D57B1B1B1307B7 /* uitree.cpp */ = {isa = PBXFileReference; explicitFileType = sourcecode.cpp.cpp; fileEncoding = 30; name = uitree.cpp; path = ../../../addons/ofxFaust/libs/libfaust/include/generator/uitree.cpp; sourceTree = SOURCE_ROOT; };
		9C2583845243BC0AB58F957E /* list.cpp */ = {isa = PBXFileReference; explicitFileType = sourcecode.cpp.cpp; fileEncoding = 30; name = list.cpp; path = ../../../addons/ofxFaust/libs/libfaust/include/tlib/list.cpp; sourceTree = SOURCE_ROOT; };
		9D4D9B2D4E8EE6B8C8EB8B47 /* portaudio-dsp.h */ = {isa = PBXFileReference; explicitFileType = sourcecode.c.h; fileEncoding = 30; name = "portaudio-dsp.h"; path = "../../../addons/ofxFaust/libs/libfaust/include/faust/audio/portaudio-dsp.h"; sourceTree = SOURCE_ROOT; };
		9ECE5A5EB0D16220AA5B800D /* RosUI.h */ = {isa = PBXFileReference; explicitFileType = sourcecode.c.h; fileEncoding = 30; name = RosUI.h; path = ../../../addons/ofxFaust/libs/libfaust/include/faust/gui/RosUI.h; sourceTree = SOURCE_ROOT; };
		9EFBC0BB095D72B3DCB340B2 /* coreaudio-dsp.h */ = {isa = PBXFileReference; explicitFileType = sourcecode.c.h; fileEncoding = 30; name = "coreaudio-dsp.h"; path = "../../../addons/ofxFaust/libs/libfaust/include/faust/audio/coreaudio-dsp.h"; sourceTree = SOURCE_ROOT; };
		A136A60045A0B6FE3076BB61 /* PSDev.h */ = {isa = PBXFileReference; explicitFileType = sourcecode.c.h; fileEncoding = 30; name = PSDev.h; path = ../../../addons/ofxFaust/libs/libfaust/include/draw/device/PSDev.h; sourceTree = SOURCE_ROOT; };
		A1532319BDFEEECD4DDD38D6 /* llvm_machine_dsp_aux.cpp */ = {isa = PBXFileReference; explicitFileType = sourcecode.cpp.cpp; fileEncoding = 30; name = llvm_machine_dsp_aux.cpp; path = ../../../addons/ofxFaust/libs/libfaust/include/generator/llvm/machine/llvm_machine_dsp_aux.cpp; sourceTree = SOURCE_ROOT; };
		A2235F6EAA1A9218AEF56389 /* labels.cpp */ = {isa = PBXFileReference; explicitFileType = sourcecode.cpp.cpp; fileEncoding = 30; name = labels.cpp; path = ../../../addons/ofxFaust/libs/libfaust/include/propagate/labels.cpp; sourceTree = SOURCE_ROOT; };
		A3FC43A3B77B81140AD6D985 /* privatise.cpp */ = {isa = PBXFileReference; explicitFileType = sourcecode.cpp.cpp; fileEncoding = 30; name = privatise.cpp; path = ../../../addons/ofxFaust/libs/libfaust/include/normalize/privatise.cpp; sourceTree = SOURCE_ROOT; };
		A5A6DA8BFA48A7BEF3312ACD /* sourcereader.cpp */ = {isa = PBXFileReference; explicitFileType = sourcecode.cpp.cpp; fileEncoding = 30; name = sourcereader.cpp; path = ../../../addons/ofxFaust/libs/libfaust/include/parser/sourcereader.cpp; sourceTree = SOURCE_ROOT; };
		A5CC1DF4BFC7FE39BAD9C01C /* dsp.h */ = {isa = PBXFileReference; explicitFileType = sourcecode.c.h; fileEncoding = 30; name = dsp.h; path = ../../../addons/ofxFaust/libs/libfaust/include/faust/dsp/dsp.h; sourceTree = SOURCE_ROOT; };
		A69A017D615B5C0D315F313C /* OSCUI.h */ = {isa = PBXFileReference; explicitFileType = sourcecode.c.h; fileEncoding = 30; name = OSCUI.h; path = ../../../addons/ofxFaust/libs/libfaust/include/faust/gui/OSCUI.h; sourceTree = SOURCE_ROOT; };
		A6D5DC7EED47FC49478DA0C1 /* main.cpp */ = {isa = PBXFileReference; explicitFileType = sourcecode.cpp.cpp; fileEncoding = 30; name = main.cpp; path = ../../../addons/ofxFaust/libs/libfaust/include/main.cpp; sourceTree = SOURCE_ROOT; };
		A88425F345108D67C247036E /* FUI.h */ = {isa = PBXFileReference; explicitFileType = sourcecode.c.h; fileEncoding = 30; name = FUI.h; path = ../../../addons/ofxFaust/libs/libfaust/include/faust/gui/FUI.h; sourceTree = SOURCE_ROOT; };
		A91C4A72D99C5C19976EAAF4 /* symbol.cpp */ = {isa = PBXFileReference; explicitFileType = sourcecode.cpp.cpp; fileEncoding = 30; name = symbol.cpp; path = ../../../addons/ofxFaust/libs/libfaust/include/tlib/symbol.cpp; sourceTree = SOURCE_ROOT; };
		A94B48CA744C0826D29324AB /* sigtype.cpp */ = {isa = PBXFileReference; explicitFileType = sourcecode.cpp.cpp; fileEncoding = 30; name = sigtype.cpp; path = ../../../addons/ofxFaust/libs/libfaust/include/signals/sigtype.cpp; sourceTree = SOURCE_ROOT; };
		AB23599873BC5B495DAE4180 /* midi.h */ = {isa = PBXFileReference; explicitFileType = sourcecode.c.h; fileEncoding = 30; name = midi.h; path = ../../../addons/ofxFaust/libs/libfaust/include/faust/midi/midi.h; sourceTree = SOURCE_ROOT; };
		ADA432D821B8957DA25A78C3 /* faustqt.h */ = {isa = PBXFileReference; explicitFileType = sourcecode.c.h; fileEncoding = 30; name = faustqt.h; path = ../../../addons/ofxFaust/libs/libfaust/include/faust/gui/faustqt.h; sourceTree = SOURCE_ROOT; };
		ADF58D011D87AC665A6687D9 /* ring-buffer.h */ = {isa = PBXFileReference; explicitFileType = sourcecode.c.h; fileEncoding = 30; name = "ring-buffer.h"; path = "../../../addons/ofxFaust/libs/libfaust/include/faust/gui/ring-buffer.h"; sourceTree = SOURCE_ROOT; };
		B664012E882415593737192D /* APIUI.h */ = {isa = PBXFileReference; explicitFileType = sourcecode.c.h; fileEncoding = 30; name = APIUI.h; path = ../../../addons/ofxFaust/libs/libfaust/include/faust/gui/APIUI.h; sourceTree = SOURCE_ROOT; };
		B6D3C8FF155F8982A96DC117 /* voice.h */ = {isa = PBXFileReference; explicitFileType = sourcecode.c.h; fileEncoding = 30; name = voice.h; path = ../../../addons/ofxFaust/libs/libfaust/include/faust/vst/voice.h; sourceTree = SOURCE_ROOT; };
		B81879F210B5F15529FA12F1 /* MidiUI.h */ = {isa = PBXFileReference; explicitFileType = sourcecode.c.h; fileEncoding = 30; name = MidiUI.h; path = ../../../addons/ofxFaust/libs/libfaust/include/faust/gui/MidiUI.h; sourceTree = SOURCE_ROOT; };
		B87C60311EC1FE841C1ECD89 /* ofxLabel.h */ = {isa = PBXFileReference; explicitFileType = sourcecode.c.h; fileEncoding = 30; name = ofxLabel.h; path = ../../../addons/ofxGui/src/ofxLabel.h; sourceTree = SOURCE_ROOT; };
		B8B36130D0F9B51BD60CE20E /* RtMidi.cpp */ = {isa = PBXFileReference; explicitFileType = sourcecode.cpp.cpp; fileEncoding = 30; name = RtMidi.cpp; path = ../../../addons/ofxFaust/libs/libfaust/include/faust/midi/RtMidi.cpp; sourceTree = SOURCE_ROOT; };
		B972A1F825D6CAD13467E77E /* PathBuilder.h */ = {isa = PBXFileReference; explicitFileType = sourcecode.c.h; fileEncoding = 30; name = PathBuilder.h; path = ../../../addons/ofxFaust/libs/libfaust/include/faust/gui/PathBuilder.h; sourceTree = SOURCE_ROOT; };
		BA23F4D8DC780EB57A827663 /* simplify.cpp */ = {isa = PBXFileReference; explicitFileType = sourcecode.cpp.cpp; fileEncoding = 30; name = simplify.cpp; path = ../../../addons/ofxFaust/libs/libfaust/include/normalize/simplify.cpp; sourceTree = SOURCE_ROOT; };
		BAD612E6D6C08CAF51E37F09 /* ValueConverter.h */ = {isa = PBXFileReference; explicitFileType = sourcecode.c.h; fileEncoding = 30; name = ValueConverter.h; path = ../../../addons/ofxFaust/libs/libfaust/include/faust/gui/ValueConverter.h; sourceTree = SOURCE_ROOT; };
		BBAC98127AFE8A7B7AC5C114 /* recSchema.h */ = {isa = PBXFileReference; explicitFileType = sourcecode.c.h; fileEncoding = 30; name = recSchema.h; path = ../../../addons/ofxFaust/libs/libfaust/include/draw/schema/recSchema.h; sourceTree = SOURCE_ROOT; };
		BCA4B60CEEF6C48EC2A1886D /* cpp_code_container.cpp */ = {isa = PBXFileReference; explicitFileType = sourcecode.cpp.cpp; fileEncoding = 30; name = cpp_code_container.cpp; path = ../../../addons/ofxFaust/libs/libfaust/include/generator/cpp/cpp_code_container.cpp; sourceTree = SOURCE_ROOT; };
		C31067E0938F26488921EDE0 /* colorize.h */ = {isa = PBXFileReference; explicitFileType = sourcecode.c.h; fileEncoding = 30; name = colorize.h; path = ../../../addons/ofxFaust/libs/libfaust/include/parallelize/colorize.h; sourceTree = SOURCE_ROOT; };
		C3B5392A6C6A380CE73634F6 /* llvm-c-dsp.h */ = {isa = PBXFileReference; explicitFileType = sourcecode.c.h; fileEncoding = 30; name = "llvm-c-dsp.h"; path = "../../../addons/ofxFaust/libs/libfaust/include/generator/llvm/llvm-c-dsp.h"; sourceTree = SOURCE_ROOT; };
		C416E17596D9859C3320659E /* dsp_aux.cpp */ = {isa = PBXFileReference; explicitFileType = sourcecode.cpp.cpp; fileEncoding = 30; name = dsp_aux.cpp; path = ../../../addons/ofxFaust/libs/libfaust/include/generator/dsp_aux.cpp; sourceTree = SOURCE_ROOT; };
		C70D8946940288799E82131E /* ofxSliderGroup.h */ = {isa = PBXFileReference; explicitFileType = sourcecode.c.h; fileEncoding = 30; name = ofxSliderGroup.h; path = ../../../addons/ofxGui/src/ofxSliderGroup.h; sourceTree = SOURCE_ROOT; };
		C88333E71C9457E441C33474 /* ofxButton.cpp */ = {isa = PBXFileReference; explicitFileType = sourcecode.cpp.cpp; fileEncoding = 30; name = ofxButton.cpp; path = ../../../addons/ofxGui/src/ofxButton.cpp; sourceTree = SOURCE_ROOT; };
		C8B50BD05323982EA9B3E314 /* fir_to_fir.cpp */ = {isa = PBXFileReference; explicitFileType = sourcecode.cpp.cpp; fileEncoding = 30; name = fir_to_fir.cpp; path = ../../../addons/ofxFaust/libs/libfaust/include/generator/fir_to_fir.cpp; sourceTree = SOURCE_ROOT; };
		C8C85F8F1308DFAA5C7FC79D /* faust.h */ = {isa = PBXFileReference; explicitFileType = sourcecode.c.h; fileEncoding = 30; name = faust.h; path = ../../../addons/ofxFaust/libs/libfaust/include/faust/vst/faust.h; sourceTree = SOURCE_ROOT; };
		C99F638175DC6639B53E76E9 /* libcode.cpp */ = {isa = PBXFileReference; explicitFileType = sourcecode.cpp.cpp; fileEncoding = 30; name = libcode.cpp; path = ../../../addons/ofxFaust/libs/libfaust/include/libcode.cpp; sourceTree = SOURCE_ROOT; };
		CA520E8C68562FE9FEF15677 /* poly-dsp.h */ = {isa = PBXFileReference; explicitFileType = sourcecode.c.h; fileEncoding = 30; name = "poly-dsp.h"; path = "../../../addons/ofxFaust/libs/libfaust/include/faust/dsp/poly-dsp.h"; sourceTree = SOURCE_ROOT; };
		CB551D8C25F4009C29FC6EF9 /* faust-engine.h */ = {isa = PBXFileReference; explicitFileType = sourcecode.c.h; fileEncoding = 30; name = "faust-engine.h"; path = "../../../addons/ofxFaust/libs/libfaust/include/faust/dsp/faust-engine.h"; sourceTree = SOURCE_ROOT; };
		CC9C2C747D5B17B23133BF8B /* contextor.cpp */ = {isa = PBXFileReference; explicitFileType = sourcecode.cpp.cpp; fileEncoding = 30; name = contextor.cpp; path = ../../../addons/ofxFaust/libs/libfaust/include/generator/contextor.cpp; sourceTree = SOURCE_ROOT; };
		CD919F104F64AB80CBB3B704 /* mergeSchema.h */ = {isa = PBXFileReference; explicitFileType = sourcecode.c.h; fileEncoding = 30; name = mergeSchema.h; path = ../../../addons/ofxFaust/libs/libfaust/include/draw/schema/mergeSchema.h; sourceTree = SOURCE_ROOT; };
		CFF10B442B09A4C4AB981C7C /* boxcomplexity.cpp */ = {isa = PBXFileReference; explicitFileType = sourcecode.cpp.cpp; fileEncoding = 30; name = boxcomplexity.cpp; path = ../../../addons/ofxFaust/libs/libfaust/include/boxes/boxcomplexity.cpp; sourceTree = SOURCE_ROOT; };
		D001F0EF698812C29010E18D /* RosCI.h */ = {isa = PBXFileReference; explicitFileType = sourcecode.c.h; fileEncoding = 30; name = RosCI.h; path = ../../../addons/ofxFaust/libs/libfaust/include/faust/gui/RosCI.h; sourceTree = SOURCE_ROOT; };
		D1629E7E44D954D83F8D4C45 /* ppsig.cpp */ = {isa = PBXFileReference; explicitFileType = sourcecode.cpp.cpp; fileEncoding = 30; name = ppsig.cpp; path = ../../../addons/ofxFaust/libs/libfaust/include/signals/ppsig.cpp; sourceTree = SOURCE_ROOT; };
		D2A46C50B2E3612B13D6F0A9 /* shlysis.cpp */ = {isa = PBXFileReference; explicitFileType = sourcecode.cpp.cpp; fileEncoding = 30; name = shlysis.cpp; path = ../../../addons/ofxFaust/libs/libfaust/include/tlib/shlysis.cpp; sourceTree = SOURCE_ROOT; };
		D2E87F01557ADD3F62944586 /* osc-dsp.h */ = {isa = PBXFileReference; explicitFileType = sourcecode.c.h; fileEncoding = 30; name = "osc-dsp.h"; path = "../../../addons/ofxFaust/libs/libfaust/include/faust/audio/osc-dsp.h"; sourceTree = SOURCE_ROOT; };
		D4DEB788C313BB7271980C2E /* tools.cpp */ = {isa = PBXFileReference; explicitFileType = sourcecode.cpp.cpp; fileEncoding = 30; name = tools.cpp; path = ../../../addons/ofxFaust/libs/libfaust/include/generator/tools.cpp; sourceTree = SOURCE_ROOT; };
		D8B2FAB5B6629B1F42EA5D00 /* dag_instructions_compiler.cpp */ = {isa = PBXFileReference; explicitFileType = sourcecode.cpp.cpp; fileEncoding = 30; name = dag_instructions_compiler.cpp; path = ../../../addons/ofxFaust/libs/libfaust/include/generator/dag_instructions_compiler.cpp; sourceTree = SOURCE_ROOT; };
		D9DA1EE9552972946F5A8DDB /* topSchema.h */ = {isa = PBXFileReference; explicitFileType = sourcecode.c.h; fileEncoding = 30; name = topSchema.h; path = ../../../addons/ofxFaust/libs/libfaust/include/draw/schema/topSchema.h; sourceTree = SOURCE_ROOT; };
		DA3FB419458C242185216F7B /* occurrences.cpp */ = {isa = PBXFileReference; explicitFileType = sourcecode.cpp.cpp; fileEncoding = 30; name = occurrences.cpp; path = ../../../addons/ofxFaust/libs/libfaust/include/tlib/occurrences.cpp; sourceTree = SOURCE_ROOT; };
		DBDBE059CE15F8D0AF169851 /* doc_lang.cpp */ = {isa = PBXFileReference; explicitFileType = sourcecode.cpp.cpp; fileEncoding = 30; name = doc_lang.cpp; path = ../../../addons/ofxFaust/libs/libfaust/include/documentator/doc_lang.cpp; sourceTree = SOURCE_ROOT; };
		DBE3851AC2E7DEBB1AAA84F2 /* topSchema.cpp */ = {isa = PBXFileReference; explicitFileType = sourcecode.cpp.cpp; fileEncoding = 30; name = topSchema.cpp; path = ../../../addons/ofxFaust/libs/libfaust/include/draw/schema/topSchema.cpp; sourceTree = SOURCE_ROOT; };
		DC43CB0F6325D4618FCB80BB /* smartpointer.h */ = {isa = PBXFileReference; explicitFileType = sourcecode.c.h; fileEncoding = 30; name = smartpointer.h; path = ../../../addons/ofxFaust/libs/libfaust/include/generator/smartpointer.h; sourceTree = SOURCE_ROOT; };
		DC59B04D1F2418A895E09575 /* decorateSchema.cpp */ = {isa = PBXFileReference; explicitFileType = sourcecode.cpp.cpp; fileEncoding = 30; name = decorateSchema.cpp; path = ../../../addons/ofxFaust/libs/libfaust/include/draw/schema/decorateSchema.cpp; sourceTree = SOURCE_ROOT; };
		DD7CDF98DF5438BBCD079ADE /* node.cpp */ = {isa = PBXFileReference; explicitFileType = sourcecode.cpp.cpp; fileEncoding = 30; name = node.cpp; path = ../../../addons/ofxFaust/libs/libfaust/include/tlib/node.cpp; sourceTree = SOURCE_ROOT; };
		DDDB231A911251501F1C6EAD /* recursivness.cpp */ = {isa = PBXFileReference; explicitFileType = sourcecode.cpp.cpp; fileEncoding = 30; name = recursivness.cpp; path = ../../../addons/ofxFaust/libs/libfaust/include/signals/recursivness.cpp; sourceTree = SOURCE_ROOT; };
		DF4BD56B47C885592A311581 /* prim2.cpp */ = {isa = PBXFileReference; explicitFileType = sourcecode.cpp.cpp; fileEncoding = 30; name = prim2.cpp; path = ../../../addons/ofxFaust/libs/libfaust/include/signals/prim2.cpp; sourceTree = SOURCE_ROOT; };
		DF91582A6D56710AD020339C /* ofxFaust.h */ = {isa = PBXFileReference; explicitFileType = sourcecode.c.h; fileEncoding = 30; name = ofxFaust.h; path = ../../../addons/ofxFaust/src/ofxFaust.h; sourceTree = SOURCE_ROOT; };
		E112B3AEBEA2C091BF2B40AE /* ofxPanel.cpp */ = {isa = PBXFileReference; explicitFileType = sourcecode.cpp.cpp; fileEncoding = 30; name = ofxPanel.cpp; path = ../../../addons/ofxGui/src/ofxPanel.cpp; sourceTree = SOURCE_ROOT; };
		E33566F64A0B63FA1D2ABD52 /* files.cpp */ = {isa = PBXFileReference; explicitFileType = sourcecode.cpp.cpp; fileEncoding = 30; name = files.cpp; path = ../../../addons/ofxFaust/libs/libfaust/include/utils/files.cpp; sourceTree = SOURCE_ROOT; };
		E39227CD48A1431AFDB7294F /* asmjs_code_container.cpp */ = {isa = PBXFileReference; explicitFileType = sourcecode.cpp.cpp; fileEncoding = 30; name = asmjs_code_container.cpp; path = ../../../addons/ofxFaust/libs/libfaust/include/generator/asmjs/asmjs_code_container.cpp; sourceTree = SOURCE_ROOT; };
		E4328143138ABC890047C5CB /* openFrameworksLib.xcodeproj */ = {isa = PBXFileReference; lastKnownFileType = "wrapper.pb-project"; name = openFrameworksLib.xcodeproj; path = ../../../libs/openFrameworksCompiled/project/osx/openFrameworksLib.xcodeproj; sourceTree = SOURCE_ROOT; };
		E463B254D678EFCAFFE3008E /* c_code_container.cpp */ = {isa = PBXFileReference; explicitFileType = sourcecode.cpp.cpp; fileEncoding = 30; name = c_code_container.cpp; path = ../../../addons/ofxFaust/libs/libfaust/include/generator/c/c_code_container.cpp; sourceTree = SOURCE_ROOT; };
		E4B69B5B0A3A1756003C02F2 /* ofxFaust_firstexampleDebug.app */ = {isa = PBXFileReference; explicitFileType = wrapper.application; includeInIndex = 0; path = ofxFaust_firstexampleDebug.app; sourceTree = BUILT_PRODUCTS_DIR; };
		E4B69E1D0A3A1BDC003C02F2 /* main.cpp */ = {isa = PBXFileReference; fileEncoding = 30; lastKnownFileType = sourcecode.cpp.cpp; name = main.cpp; path = src/main.cpp; sourceTree = SOURCE_ROOT; };
		E4B69E1E0A3A1BDC003C02F2 /* ofApp.cpp */ = {isa = PBXFileReference; explicitFileType = sourcecode.cpp.cpp; fileEncoding = 30; name = ofApp.cpp; path = src/ofApp.cpp; sourceTree = SOURCE_ROOT; };
		E4B69E1F0A3A1BDC003C02F2 /* ofApp.h */ = {isa = PBXFileReference; fileEncoding = 30; lastKnownFileType = sourcecode.c.h; name = ofApp.h; path = src/ofApp.h; sourceTree = SOURCE_ROOT; };
		E4B6FCAD0C3E899E008CF71C /* openFrameworks-Info.plist */ = {isa = PBXFileReference; fileEncoding = 30; lastKnownFileType = text.plist.xml; path = "openFrameworks-Info.plist"; sourceTree = "<group>"; };
		E4EB691F138AFCF100A09F29 /* CoreOF.xcconfig */ = {isa = PBXFileReference; fileEncoding = 4; lastKnownFileType = text.xcconfig; name = CoreOF.xcconfig; path = ../../../libs/openFrameworksCompiled/project/osx/CoreOF.xcconfig; sourceTree = SOURCE_ROOT; };
		E4EB6923138AFD0F00A09F29 /* Project.xcconfig */ = {isa = PBXFileReference; fileEncoding = 4; lastKnownFileType = text.xcconfig; path = Project.xcconfig; sourceTree = "<group>"; };
		E5A26EBBDF8F5D8A55D59BA2 /* js_code_container.cpp */ = {isa = PBXFileReference; explicitFileType = sourcecode.cpp.cpp; fileEncoding = 30; name = js_code_container.cpp; path = ../../../addons/ofxFaust/libs/libfaust/include/generator/js/js_code_container.cpp; sourceTree = SOURCE_ROOT; };
		E5B37FF57915F31DDCD3FF45 /* normalize.cpp */ = {isa = PBXFileReference; explicitFileType = sourcecode.cpp.cpp; fileEncoding = 30; name = normalize.cpp; path = ../../../addons/ofxFaust/libs/libfaust/include/normalize/normalize.cpp; sourceTree = SOURCE_ROOT; };
		E7484398E6C069AE06DD9DF8 /* sourcefetcher.cpp */ = {isa = PBXFileReference; explicitFileType = sourcecode.cpp.cpp; fileEncoding = 30; name = sourcefetcher.cpp; path = ../../../addons/ofxFaust/libs/libfaust/include/parser/sourcefetcher.cpp; sourceTree = SOURCE_ROOT; };
		E885072BB076326796931C61 /* doc_notice.cpp */ = {isa = PBXFileReference; explicitFileType = sourcecode.cpp.cpp; fileEncoding = 30; name = doc_notice.cpp; path = ../../../addons/ofxFaust/libs/libfaust/include/documentator/doc_notice.cpp; sourceTree = SOURCE_ROOT; };
		E9854107FAA30A18EE7D2B22 /* cableSchema.cpp */ = {isa = PBXFileReference; explicitFileType = sourcecode.cpp.cpp; fileEncoding = 30; name = cableSchema.cpp; path = ../../../addons/ofxFaust/libs/libfaust/include/draw/schema/cableSchema.cpp; sourceTree = SOURCE_ROOT; };
		EA98383DF2D5B44790B33F89 /* blockSchema.cpp */ = {isa = PBXFileReference; explicitFileType = sourcecode.cpp.cpp; fileEncoding = 30; name = blockSchema.cpp; path = ../../../addons/ofxFaust/libs/libfaust/include/draw/schema/blockSchema.cpp; sourceTree = SOURCE_ROOT; };
		EB5CC460BD44E45FF81E7E04 /* splitSchema.cpp */ = {isa = PBXFileReference; explicitFileType = sourcecode.cpp.cpp; fileEncoding = 30; name = splitSchema.cpp; path = ../../../addons/ofxFaust/libs/libfaust/include/draw/schema/splitSchema.cpp; sourceTree = SOURCE_ROOT; };
		ECF8674C7975F1063C5E30CA /* ofxGuiGroup.cpp */ = {isa = PBXFileReference; explicitFileType = sourcecode.cpp.cpp; fileEncoding = 30; name = ofxGuiGroup.cpp; path = ../../../addons/ofxGui/src/ofxGuiGroup.cpp; sourceTree = SOURCE_ROOT; };
		ED957CE2750E37CDA341FC0A /* asmjs_dsp_aux.cpp */ = {isa = PBXFileReference; explicitFileType = sourcecode.cpp.cpp; fileEncoding = 30; name = asmjs_dsp_aux.cpp; path = ../../../addons/ofxFaust/libs/libfaust/include/generator/asmjs/asmjs_dsp_aux.cpp; sourceTree = SOURCE_ROOT; };
		EF6920CCD68702BE470B1F83 /* doc_sharing.cpp */ = {isa = PBXFileReference; explicitFileType = sourcecode.cpp.cpp; fileEncoding = 30; name = doc_sharing.cpp; path = ../../../addons/ofxFaust/libs/libfaust/include/documentator/doc_sharing.cpp; sourceTree = SOURCE_ROOT; };
		F05C0F96E5942EFF4AB52070 /* drawschema.cpp */ = {isa = PBXFileReference; explicitFileType = sourcecode.cpp.cpp; fileEncoding = 30; name = drawschema.cpp; path = ../../../addons/ofxFaust/libs/libfaust/include/draw/drawschema.cpp; sourceTree = SOURCE_ROOT; };
		F0FC28C22AA8D723E5D8DB54 /* floats.cpp */ = {isa = PBXFileReference; explicitFileType = sourcecode.cpp.cpp; fileEncoding = 30; name = floats.cpp; path = ../../../addons/ofxFaust/libs/libfaust/include/generator/floats.cpp; sourceTree = SOURCE_ROOT; };
		F113B4300319F3401B2C2002 /* wasm_code_container.cpp */ = {isa = PBXFileReference; explicitFileType = sourcecode.cpp.cpp; fileEncoding = 30; name = wasm_code_container.cpp; path = ../../../addons/ofxFaust/libs/libfaust/include/generator/wasm/wasm_code_container.cpp; sourceTree = SOURCE_ROOT; };
		F131559CFF5C73E43DBD835E /* llvm-dsp.h */ = {isa = PBXFileReference; explicitFileType = sourcecode.c.h; fileEncoding = 30; name = "llvm-dsp.h"; path = "../../../addons/ofxFaust/libs/libfaust/include/generator/llvm/llvm-dsp.h"; sourceTree = SOURCE_ROOT; };
		F34A67A1B4BE111D72FE8630 /* Text.cpp */ = {isa = PBXFileReference; explicitFileType = sourcecode.cpp.cpp; fileEncoding = 30; name = Text.cpp; path = ../../../addons/ofxFaust/libs/libfaust/include/generator/Text.cpp; sourceTree = SOURCE_ROOT; };
		F356CB5908461842F3F42F32 /* vec_code_container.cpp */ = {isa = PBXFileReference; explicitFileType = sourcecode.cpp.cpp; fileEncoding = 30; name = vec_code_container.cpp; path = ../../../addons/ofxFaust/libs/libfaust/include/generator/vec_code_container.cpp; sourceTree = SOURCE_ROOT; };
		F358AAA1ABF43E8419B7A474 /* code_container.cpp */ = {isa = PBXFileReference; explicitFileType = sourcecode.cpp.cpp; fileEncoding = 30; name = code_container.cpp; path = ../../../addons/ofxFaust/libs/libfaust/include/generator/code_container.cpp; sourceTree = SOURCE_ROOT; };
		F416A2CD89C7F4F7A6B9CB69 /* global.cpp */ = {isa = PBXFileReference; explicitFileType = sourcecode.cpp.cpp; fileEncoding = 30; name = global.cpp; path = ../../../addons/ofxFaust/libs/libfaust/include/global.cpp; sourceTree = SOURCE_ROOT; };
		F4A3380CA16C18430CDC7E62 /* faustparser.cpp */ = {isa = PBXFileReference; explicitFileType = sourcecode.cpp.cpp; fileEncoding = 30; name = faustparser.cpp; path = ../../../addons/ofxFaust/libs/libfaust/include/parser/faustparser.cpp; sourceTree = SOURCE_ROOT; };
		F6A2B93ABEF9F6D0DEE5623E /* device.h */ = {isa = PBXFileReference; explicitFileType = sourcecode.c.h; fileEncoding = 30; name = device.h; path = ../../../addons/ofxFaust/libs/libfaust/include/draw/device/device.h; sourceTree = SOURCE_ROOT; };
		F713EB0BD45E10665C8D078B /* PrintUI.h */ = {isa = PBXFileReference; explicitFileType = sourcecode.c.h; fileEncoding = 30; name = PrintUI.h; path = ../../../addons/ofxFaust/libs/libfaust/include/faust/gui/PrintUI.h; sourceTree = SOURCE_ROOT; };
		F77F2BA5232FC2FD5138BF0F /* libfaust.h */ = {isa = PBXFileReference; explicitFileType = sourcecode.c.h; fileEncoding = 30; name = libfaust.h; path = ../../../addons/ofxFaust/libs/libfaust/include/libfaust.h; sourceTree = SOURCE_ROOT; };
		FC0AC957AE6CAA40A6BD5DDB /* audio.h */ = {isa = PBXFileReference; explicitFileType = sourcecode.c.h; fileEncoding = 30; name = audio.h; path = ../../../addons/ofxFaust/libs/libfaust/include/faust/audio/audio.h; sourceTree = SOURCE_ROOT; };
		FF990312481BFC1BE0D03278 /* proxy-dsp.h */ = {isa = PBXFileReference; explicitFileType = sourcecode.c.h; fileEncoding = 30; name = "proxy-dsp.h"; path = "../../../addons/ofxFaust/libs/libfaust/include/faust/dsp/proxy-dsp.h"; sourceTree = SOURCE_ROOT; };
/* End PBXFileReference section */

/* Begin PBXFrameworksBuildPhase section */
		E4B69B590A3A1756003C02F2 /* Frameworks */ = {
			isa = PBXFrameworksBuildPhase;
			buildActionMask = 2147483647;
			files = (
				E4328149138ABC9F0047C5CB /* openFrameworksDebug.a in Frameworks */,
				64A677F11CE21FF500D89C2E /* libLLVM-3.5.dylib in Frameworks */,
				64A677F61CE223CA00D89C2E /* libfaust.a in Frameworks */,
			);
			runOnlyForDeploymentPostprocessing = 0;
		};
/* End PBXFrameworksBuildPhase section */

/* Begin PBXGroup section */
		039F5693D80FEB64B09F1AE3 /* gui */ = {
			isa = PBXGroup;
			children = (
				B664012E882415593737192D /* APIUI.h */,
				721FFE5E6A107973302AF666 /* console.h */,
				5C93C9697CA3BEF24AE95FCF /* ControlUI.h */,
				4019C8C13A7E54943EEAD1AD /* CUI.h */,
				50B71C8FA167D546FC7E2E10 /* faustgtk.h */,
				ADA432D821B8957DA25A78C3 /* faustqt.h */,
				A88425F345108D67C247036E /* FUI.h */,
				432F9EE66219ADA93DEA1415 /* GUI.h */,
				2228BE6C6BEBA180B0F3ED2A /* httpdUI.h */,
				661037484E34DFB6310E9209 /* JSONUI.h */,
				0F00F209FC05E5531C3AA7BC /* MapUI.h */,
				5B711BD663643F00E45B9C64 /* meta.h */,
				B81879F210B5F15529FA12F1 /* MidiUI.h */,
				253EF7498D51A1B549B9C570 /* OCVUI.h */,
				A69A017D615B5C0D315F313C /* OSCUI.h */,
				B972A1F825D6CAD13467E77E /* PathBuilder.h */,
				F713EB0BD45E10665C8D078B /* PrintUI.h */,
				ADF58D011D87AC665A6687D9 /* ring-buffer.h */,
				D001F0EF698812C29010E18D /* RosCI.h */,
				9ECE5A5EB0D16220AA5B800D /* RosUI.h */,
				312DADEC588E951DD7F6891D /* SimpleParser.h */,
				3C571D49FBDA96F1245176A2 /* UI.h */,
				18FE4B3D6A9ED15EC4C34174 /* UIGlue.h */,
				BAD612E6D6C08CAF51E37F09 /* ValueConverter.h */,
			);
			name = gui;
			sourceTree = "<group>";
		};
		04A96B4A703AE953D59CDF18 /* ofxFaust */ = {
			isa = PBXGroup;
			children = (
				72050D21C413419025D27239 /* src */,
				A36F10E1B1AB8C109CDC75A5 /* libs */,
			);
			name = ofxFaust;
			sourceTree = "<group>";
		};
		06314C71A4EC9C4D22921805 /* java */ = {
			isa = PBXGroup;
			children = (
				76C49ED9EEE811DDBA2FC99B /* java_code_container.cpp */,
			);
			name = java;
			sourceTree = "<group>";
		};
		0A5DDAF19E0116175F5305EC /* dsp */ = {
			isa = PBXGroup;
			children = (
				0A497D80D38CFBC79ABCAB85 /* dsp-adapter.h */,
				A5CC1DF4BFC7FE39BAD9C01C /* dsp.h */,
				CB551D8C25F4009C29FC6EF9 /* faust-engine.h */,
				64A677F31CE2219800D89C2E /* llvm-dsp.h */,
				69EA60AC0E028B2CB41BD0D3 /* faust-poly-engine.h */,
				CA520E8C68562FE9FEF15677 /* poly-dsp.h */,
				FF990312481BFC1BE0D03278 /* proxy-dsp.h */,
				40F22304A62078D1335E8DC7 /* timed-dsp.h */,
			);
			name = dsp;
			sourceTree = "<group>";
		};
		0DC604B95755C41B6D1B5D45 /* utils */ = {
			isa = PBXGroup;
			children = (
				E33566F64A0B63FA1D2ABD52 /* files.cpp */,
				59CE161A97C830211C0F60D9 /* names.cpp */,
				05FC77F9AF102616FF5D1A43 /* TMutex.h */,
			);
			name = utils;
			sourceTree = "<group>";
		};
		1289CA42EE09907968BD134E /* llvm */ = {
			isa = PBXGroup;
			children = (
				181A3553545F93E97D6A3C82 /* clang_code_container.cpp */,
				F131559CFF5C73E43DBD835E /* llvm-dsp.h */,
				C3B5392A6C6A380CE73634F6 /* llvm-c-dsp.h */,
				59B0FF81CAF6F95B2F297F84 /* llvm_code_container.cpp */,
				813856A6D6C713C742A4BC1C /* llvm_dsp_aux.cpp */,
				53DA1497979DFC0D94F2DEFC /* machine */,
				58D4978B777F69A2B8479F67 /* rn_base64.h */,
			);
			name = llvm;
			sourceTree = "<group>";
		};
		12C84814D810270928EFC83A /* asmjs */ = {
			isa = PBXGroup;
			children = (
				E39227CD48A1431AFDB7294F /* asmjs_code_container.cpp */,
				ED957CE2750E37CDA341FC0A /* asmjs_dsp_aux.cpp */,
			);
			name = asmjs;
			sourceTree = "<group>";
		};
		16D603FFFFBEF1EA5F3D61D8 /* boxes */ = {
			isa = PBXGroup;
			children = (
				CFF10B442B09A4C4AB981C7C /* boxcomplexity.cpp */,
				1542A0617227A08686D9A803 /* boxes.cpp */,
				1B57DDE8CF8F9A9BDD0B23E7 /* boxtype.cpp */,
				79A3159A0F6101710D0D264E /* ppbox.cpp */,
			);
			name = boxes;
			sourceTree = "<group>";
		};
		1A49C624534C9D6DAC87A0F6 /* patternmatcher */ = {
			isa = PBXGroup;
			children = (
				78F659E247D28B09B36F8F1C /* patternmatcher.cpp */,
			);
			name = patternmatcher;
			sourceTree = "<group>";
		};
		1DD3143959EE88593D303D6E /* propagate */ = {
			isa = PBXGroup;
			children = (
				A2235F6EAA1A9218AEF56389 /* labels.cpp */,
				68E5CF078ECA0DE04DA1E152 /* propagate.cpp */,
			);
			name = propagate;
			sourceTree = "<group>";
		};
		3033F54516643BA265A87514 /* au */ = {
			isa = PBXGroup;
			children = (
				6AE65ADBE9DD982CDC5697F9 /* AUUI.h */,
			);
			name = au;
			sourceTree = "<group>";
		};
		44BE94DEF3BE4BAF4646FCEA /* evaluate */ = {
			isa = PBXGroup;
			children = (
				5497D581E5C230BFCA69B227 /* environment.cpp */,
				3C3ADC3829A86A6B020805E5 /* eval.cpp */,
				584B8A827707397DBA6DAB28 /* loopDetector.cpp */,
			);
			name = evaluate;
			sourceTree = "<group>";
		};
		480A780D8D0308AE4A368801 /* ofxGui */ = {
			isa = PBXGroup;
			children = (
				A763ED608B35AE3310251DEE /* src */,
			);
			name = ofxGui;
			sourceTree = "<group>";
		};
		53DA1497979DFC0D94F2DEFC /* machine */ = {
			isa = PBXGroup;
			children = (
				7923112D92EBC51C65BEBE37 /* llvm-machine-dsp.h */,
				A1532319BDFEEECD4DDD38D6 /* llvm_machine_dsp_aux.cpp */,
			);
			name = machine;
			sourceTree = "<group>";
		};
		54D2211ECBE008D5CD544C07 /* wasm */ = {
			isa = PBXGroup;
			children = (
				F113B4300319F3401B2C2002 /* wasm_code_container.cpp */,
			);
			name = wasm;
			sourceTree = "<group>";
		};
		5942F5E6C2FBA0C241FC2985 /* parallelize */ = {
			isa = PBXGroup;
			children = (
				5F4A71FDB150ADB72BC99144 /* code_loop.cpp */,
				7E0C695E69AFD423181D1EA7 /* colorize.cpp */,
				C31067E0938F26488921EDE0 /* colorize.h */,
			);
			name = parallelize;
			sourceTree = "<group>";
		};
		6948EE371B920CB800B5AC1A /* local_addons */ = {
			isa = PBXGroup;
			children = (
			);
			name = local_addons;
			sourceTree = "<group>";
		};
		6ECE51D6FA8BD18237027611 /* parser */ = {
			isa = PBXGroup;
			children = (
				1ED9E51B9985B43640AFA8DF /* enrobage.cpp */,
				706BCEB01DA85E377388B7EA /* faustlexer.cpp */,
				F4A3380CA16C18430CDC7E62 /* faustparser.cpp */,
				6FEE73D9CCA96C8035F926E0 /* faustparser.hpp */,
				E7484398E6C069AE06DD9DF8 /* sourcefetcher.cpp */,
				A5A6DA8BFA48A7BEF3312ACD /* sourcereader.cpp */,
			);
			name = parser;
			sourceTree = "<group>";
		};
		7061C525B86D378E1983EF32 /* include */ = {
			isa = PBXGroup;
			children = (
				16D603FFFFBEF1EA5F3D61D8 /* boxes */,
				95CCC0D29D064A666A608C38 /* documentator */,
				85A88CF826ED9F26AE324EA9 /* draw */,
				CB99F925220E9716FCA70E9B /* errors */,
				44BE94DEF3BE4BAF4646FCEA /* evaluate */,
				A5B77A79755382D67AA55E63 /* extended */,
				C81DFCBDC458B86008BDBE43 /* faust */,
				99B290A560A8698513993CFF /* generator */,
				F416A2CD89C7F4F7A6B9CB69 /* global.cpp */,
				C99F638175DC6639B53E76E9 /* libcode.cpp */,
				F77F2BA5232FC2FD5138BF0F /* libfaust.h */,
				5CCCCF47092797986D8CDF1D /* libmain.cpp */,
				A6D5DC7EED47FC49478DA0C1 /* main.cpp */,
				EBA7407A81FB83565BF5D0FE /* normalize */,
				5942F5E6C2FBA0C241FC2985 /* parallelize */,
				6ECE51D6FA8BD18237027611 /* parser */,
				1A49C624534C9D6DAC87A0F6 /* patternmatcher */,
				1DD3143959EE88593D303D6E /* propagate */,
				FE69F23EA31FC41667CF8472 /* signals */,
				9AAA46CB5E7635DEF438AE7A /* tlib */,
				0DC604B95755C41B6D1B5D45 /* utils */,
			);
			name = include;
			sourceTree = "<group>";
		};
		72050D21C413419025D27239 /* src */ = {
			isa = PBXGroup;
			children = (
				694969224806CC36FA800231 /* ofxFaust.cpp */,
				DF91582A6D56710AD020339C /* ofxFaust.h */,
				903BB5AFC6E49E4AA9FEB665 /* ofxFaustGui.h */,
			);
			name = src;
			sourceTree = "<group>";
		};
		81C02C16E556B5E6F6B8BE64 /* device */ = {
			isa = PBXGroup;
			children = (
				F6A2B93ABEF9F6D0DEE5623E /* device.h */,
				5C3F5C1DD00A15D74CC39644 /* devLib.h */,
				0D45977342FAF1DC4AF898F6 /* PSDev.cpp */,
				A136A60045A0B6FE3076BB61 /* PSDev.h */,
				2DDD3B7BFFD070A1378207B2 /* SVGDev.cpp */,
				4877E7FFC7E2E3AFF184A588 /* SVGDev.h */,
			);
			name = device;
			sourceTree = "<group>";
		};
		85A88CF826ED9F26AE324EA9 /* draw */ = {
			isa = PBXGroup;
			children = (
				81C02C16E556B5E6F6B8BE64 /* device */,
				F05C0F96E5942EFF4AB52070 /* drawschema.cpp */,
				9FABBB7947A972EC2AA0AD95 /* schema */,
				475FFBE10F529A9BEA4FDA9D /* sigToGraph.cpp */,
			);
			name = draw;
			sourceTree = "<group>";
		};
		9502E08A18761A19BDDA7970 /* c */ = {
			isa = PBXGroup;
			children = (
				E463B254D678EFCAFFE3008E /* c_code_container.cpp */,
			);
			name = c;
			sourceTree = "<group>";
		};
		95CCC0D29D064A666A608C38 /* documentator */ = {
			isa = PBXGroup;
			children = (
				0B8090E42C43AC79CB3453EA /* doc.cpp */,
				6A4357951EDD3C8D2516DBE4 /* doc_autodoc.cpp */,
				689E71EE800070A6F9E9A55A /* doc_compile.cpp */,
				DBDBE059CE15F8D0AF169851 /* doc_lang.cpp */,
				08937A258455F60FC359ACC1 /* doc_metadatas.cpp */,
				E885072BB076326796931C61 /* doc_notice.cpp */,
				EF6920CCD68702BE470B1F83 /* doc_sharing.cpp */,
				628CFCFB9A42884F600E6481 /* doc_Text.cpp */,
				33200800C39AEC1D3DE2CB55 /* lateq.cpp */,
			);
			name = documentator;
			sourceTree = "<group>";
		};
		99B290A560A8698513993CFF /* generator */ = {
			isa = PBXGroup;
			children = (
				12C84814D810270928EFC83A /* asmjs */,
				9502E08A18761A19BDDA7970 /* c */,
				F358AAA1ABF43E8419B7A474 /* code_container.cpp */,
				CC9C2C747D5B17B23133BF8B /* contextor.cpp */,
				C66BAD5DF7BCAEC6EBCE5D8C /* cpp */,
				D8B2FAB5B6629B1F42EA5D00 /* dag_instructions_compiler.cpp */,
				10C2F9B7FC25008E84445616 /* description.cpp */,
				C416E17596D9859C3320659E /* dsp_aux.cpp */,
				D0069A0885EE11C0DA0B4FAA /* fir */,
				C8B50BD05323982EA9B3E314 /* fir_to_fir.cpp */,
				F0FC28C22AA8D723E5D8DB54 /* floats.cpp */,
				8C9975B7EF82A171423F8B86 /* instructions.cpp */,
				342BABEC9B83BFB5D10ACC13 /* instructions_compiler.cpp */,
				06314C71A4EC9C4D22921805 /* java */,
				F4BAA91EF9FAD847E47B8BBB /* js */,
				1289CA42EE09907968BD134E /* llvm */,
				6807A34CA9D7207B2CE61A68 /* occurences.cpp */,
				873B7D7F95E42EDF3F7FDCAC /* omp_code_container.cpp */,
				DC43CB0F6325D4618FCB80BB /* smartpointer.h */,
				F34A67A1B4BE111D72FE8630 /* Text.cpp */,
				D4DEB788C313BB7271980C2E /* tools.cpp */,
				98E1494D58D57B1B1B1307B7 /* uitree.cpp */,
				F356CB5908461842F3F42F32 /* vec_code_container.cpp */,
				54D2211ECBE008D5CD544C07 /* wasm */,
				4486CA30ABC57185055A9FC3 /* wss_code_container.cpp */,
			);
			name = generator;
			sourceTree = "<group>";
		};
		9AAA46CB5E7635DEF438AE7A /* tlib */ = {
			isa = PBXGroup;
			children = (
				0FC9D3A72E84530CFAB801E9 /* compatibility.cpp */,
				9C2583845243BC0AB58F957E /* list.cpp */,
				DD7CDF98DF5438BBCD079ADE /* node.cpp */,
				DA3FB419458C242185216F7B /* occurrences.cpp */,
				6F1621FED8730AFE50225613 /* recursive-tree.cpp */,
				D2A46C50B2E3612B13D6F0A9 /* shlysis.cpp */,
				A91C4A72D99C5C19976EAAF4 /* symbol.cpp */,
				8C00D344280C4037739A12A0 /* tree.cpp */,
			);
			name = tlib;
			sourceTree = "<group>";
		};
		9FABBB7947A972EC2AA0AD95 /* schema */ = {
			isa = PBXGroup;
			children = (
				EA98383DF2D5B44790B33F89 /* blockSchema.cpp */,
				0DCB620D3F48931C4F05A788 /* blockSchema.h */,
				E9854107FAA30A18EE7D2B22 /* cableSchema.cpp */,
				4E715F861F9545C51F91EEDD /* cableSchema.h */,
				102F60D62758A3A2DA68B265 /* collector.cpp */,
				18228ACE6741095060C89198 /* connectorSchema.cpp */,
				3EC6200D2223D2977ED4167B /* connectorSchema.h */,
				0D2AB7E18ED9DEC3F80A084D /* cutSchema.cpp */,
				65B365E175345B40C6F2D40F /* cutSchema.h */,
				DC59B04D1F2418A895E09575 /* decorateSchema.cpp */,
				86450202AFF4060F9CC6B6F6 /* decorateSchema.h */,
				7051A0D25321E26F8F4109A2 /* enlargedSchema.cpp */,
				5733A800940385DDF6A1024A /* enlargedSchema.h */,
				3BB91FFA2A4D7DF13D850FB3 /* inverterSchema.cpp */,
				676CA01C38692421D2BBF1DF /* inverterSchema.h */,
				29BE858CAA5581DBCA30A5F4 /* mergeSchema.cpp */,
				CD919F104F64AB80CBB3B704 /* mergeSchema.h */,
				8B80787E3219DA04551887E5 /* parSchema.cpp */,
				4045442B013C5FE463975562 /* parSchema.h */,
				10F9D7B07307D44FA7CE64D7 /* recSchema.cpp */,
				BBAC98127AFE8A7B7AC5C114 /* recSchema.h */,
				64E6C919A3DC194781B7D89F /* schema.h */,
				394D1B5E2612FD20753EA3A9 /* seqSchema.cpp */,
				3548D64F7EBAC73E2DE5B626 /* seqSchema.h */,
				EB5CC460BD44E45FF81E7E04 /* splitSchema.cpp */,
				3193613B7D4FF4E24F44634A /* splitSchema.h */,
				DBE3851AC2E7DEBB1AAA84F2 /* topSchema.cpp */,
				D9DA1EE9552972946F5A8DDB /* topSchema.h */,
			);
			name = schema;
			sourceTree = "<group>";
		};
		A36F10E1B1AB8C109CDC75A5 /* libs */ = {
			isa = PBXGroup;
			children = (
				B3595F4B73BA851EF04A531C /* libfaust */,
			);
			name = libs;
			sourceTree = "<group>";
		};
		A5B77A79755382D67AA55E63 /* extended */ = {
			isa = PBXGroup;
			children = (
				7FBB7D7E245B85C2DE8C9316 /* xtended.cpp */,
			);
			name = extended;
			sourceTree = "<group>";
		};
		A763ED608B35AE3310251DEE /* src */ = {
			isa = PBXGroup;
			children = (
				9604B925D32EE39065747725 /* ofxBaseGui.cpp */,
				87F26B4B24CBD428AD9EEBAA /* ofxBaseGui.h */,
				C88333E71C9457E441C33474 /* ofxButton.cpp */,
				2834D88A62CD23F3DE2C47D1 /* ofxButton.h */,
				17E65988300FBD9AAA2CD0CA /* ofxGui.h */,
				ECF8674C7975F1063C5E30CA /* ofxGuiGroup.cpp */,
				1C0DA2561397A7DE0246858B /* ofxGuiGroup.h */,
				78D67A00EB899FAC09430597 /* ofxLabel.cpp */,
				B87C60311EC1FE841C1ECD89 /* ofxLabel.h */,
				E112B3AEBEA2C091BF2B40AE /* ofxPanel.cpp */,
				89449E3044D456F7DE7BEA14 /* ofxPanel.h */,
				15F2C6477A769C03A56D1401 /* ofxSlider.cpp */,
				52AFA1F08C420992CAAAE648 /* ofxSlider.h */,
				802251BAF1B35B1D67B32FD0 /* ofxSliderGroup.cpp */,
				C70D8946940288799E82131E /* ofxSliderGroup.h */,
				907C5B5E104864A2D3A25745 /* ofxToggle.cpp */,
				0A1DAC09F322AE313A40706D /* ofxToggle.h */,
			);
			name = src;
			sourceTree = "<group>";
		};
		B3595F4B73BA851EF04A531C /* libfaust */ = {
			isa = PBXGroup;
			children = (
				7061C525B86D378E1983EF32 /* include */,
			);
			name = libfaust;
			sourceTree = "<group>";
		};
		BB4B014C10F69532006C3DED /* addons */ = {
			isa = PBXGroup;
			children = (
				04A96B4A703AE953D59CDF18 /* ofxFaust */,
				480A780D8D0308AE4A368801 /* ofxGui */,
			);
			name = addons;
			sourceTree = "<group>";
		};
		BE53E80F4396259D08BB23CB /* midi */ = {
			isa = PBXGroup;
			children = (
				AB23599873BC5B495DAE4180 /* midi.h */,
				22E71F082CA12E78E023AB7E /* rt-midi.h */,
				B8B36130D0F9B51BD60CE20E /* RtMidi.cpp */,
				891089108E7FF178DC6EE11A /* RtMidi.h */,
			);
			name = midi;
			sourceTree = "<group>";
		};
		C66BAD5DF7BCAEC6EBCE5D8C /* cpp */ = {
			isa = PBXGroup;
			children = (
				BCA4B60CEEF6C48EC2A1886D /* cpp_code_container.cpp */,
				834920F35D380D96E701D733 /* cpp_gpu_code_container.cpp */,
			);
			name = cpp;
			sourceTree = "<group>";
		};
		C81DFCBDC458B86008BDBE43 /* faust */ = {
			isa = PBXGroup;
			children = (
				3033F54516643BA265A87514 /* au */,
				FF1472610BC59A1151572BA0 /* audio */,
				0A5DDAF19E0116175F5305EC /* dsp */,
				039F5693D80FEB64B09F1AE3 /* gui */,
				BE53E80F4396259D08BB23CB /* midi */,
				4DC21FF9834BDBA130AD431A /* misc.h */,
				7F5B6BF7CE011D5577CF5875 /* sound-file.h */,
				C90809E69836E136AF49A563 /* vst */,
			);
			name = faust;
			sourceTree = "<group>";
		};
		C90809E69836E136AF49A563 /* vst */ = {
			isa = PBXGroup;
			children = (
				C8C85F8F1308DFAA5C7FC79D /* faust.h */,
				B6D3C8FF155F8982A96DC117 /* voice.h */,
				3A54932AC9DD2E6C6784434F /* vstui.h */,
			);
			name = vst;
			sourceTree = "<group>";
		};
		CB99F925220E9716FCA70E9B /* errors */ = {
			isa = PBXGroup;
			children = (
				30BB846D3D88EE7AF0043B19 /* errormsg.cpp */,
				58E330B9BC3990CCD32DB1D7 /* timing.cpp */,
			);
			name = errors;
			sourceTree = "<group>";
		};
		D0069A0885EE11C0DA0B4FAA /* fir */ = {
			isa = PBXGroup;
			children = (
				2FFDAFB699D992415EAEC259 /* fir_code_container.cpp */,
			);
			name = fir;
			sourceTree = "<group>";
		};
		E4328144138ABC890047C5CB /* Products */ = {
			isa = PBXGroup;
			children = (
				E4328148138ABC890047C5CB /* openFrameworksDebug.a */,
			);
			name = Products;
			sourceTree = "<group>";
		};
		E4B69B4A0A3A1720003C02F2 = {
			isa = PBXGroup;
			children = (
				64A677F51CE223CA00D89C2E /* libfaust.a */,
				64A677F01CE21FF500D89C2E /* libLLVM-3.5.dylib */,
				E4B6FCAD0C3E899E008CF71C /* openFrameworks-Info.plist */,
				E4EB6923138AFD0F00A09F29 /* Project.xcconfig */,
				E4B69E1C0A3A1BDC003C02F2 /* src */,
				E4EEC9E9138DF44700A80321 /* openFrameworks */,
				BB4B014C10F69532006C3DED /* addons */,
				6948EE371B920CB800B5AC1A /* local_addons */,
				E4B69B5B0A3A1756003C02F2 /* ofxFaust_firstexampleDebug.app */,
			);
			sourceTree = "<group>";
		};
		E4B69E1C0A3A1BDC003C02F2 /* src */ = {
			isa = PBXGroup;
			children = (
				E4B69E1D0A3A1BDC003C02F2 /* main.cpp */,
				E4B69E1E0A3A1BDC003C02F2 /* ofApp.cpp */,
				E4B69E1F0A3A1BDC003C02F2 /* ofApp.h */,
			);
			path = src;
			sourceTree = SOURCE_ROOT;
		};
		E4EEC9E9138DF44700A80321 /* openFrameworks */ = {
			isa = PBXGroup;
			children = (
				E4EB691F138AFCF100A09F29 /* CoreOF.xcconfig */,
				E4328143138ABC890047C5CB /* openFrameworksLib.xcodeproj */,
			);
			name = openFrameworks;
			sourceTree = "<group>";
		};
		EBA7407A81FB83565BF5D0FE /* normalize */ = {
			isa = PBXGroup;
			children = (
				18E51C0A6F7A71F64F0F2227 /* aterm.cpp */,
				4426393BA855E1FA1D9EB66D /* mterm.cpp */,
				E5B37FF57915F31DDCD3FF45 /* normalize.cpp */,
				A3FC43A3B77B81140AD6D985 /* privatise.cpp */,
				BA23F4D8DC780EB57A827663 /* simplify.cpp */,
			);
			name = normalize;
			sourceTree = "<group>";
		};
		F4BAA91EF9FAD847E47B8BBB /* js */ = {
			isa = PBXGroup;
			children = (
				E5A26EBBDF8F5D8A55D59BA2 /* js_code_container.cpp */,
			);
			name = js;
			sourceTree = "<group>";
		};
		FE69F23EA31FC41667CF8472 /* signals */ = {
			isa = PBXGroup;
			children = (
				12FB6DC656AB182A7C8416A5 /* binop.cpp */,
				D1629E7E44D954D83F8D4C45 /* ppsig.cpp */,
				DF4BD56B47C885592A311581 /* prim2.cpp */,
				DDDB231A911251501F1C6EAD /* recursivness.cpp */,
				848887E9F3757ECF48BDC4E6 /* signals.cpp */,
				01BAC5556B125BD3B807D0D9 /* sigorderrules.cpp */,
				289E23D42B3EBF5D600F7BAE /* sigprint.cpp */,
				A94B48CA744C0826D29324AB /* sigtype.cpp */,
				17E9949407F0747AE7603C91 /* sigtyperules.cpp */,
				20C159445E01235800748BD8 /* sigvisitor.cpp */,
				679D7AA293A481D8750C94DD /* subsignals.cpp */,
			);
			name = signals;
			sourceTree = "<group>";
		};
		FF1472610BC59A1151572BA0 /* audio */ = {
			isa = PBXGroup;
			children = (
				127A6A40B52C8824EECDB25E /* alsa-dsp.h */,
				0A207D6D46B62AD4DB2A53D2 /* android-dsp.h */,
				FC0AC957AE6CAA40A6BD5DDB /* audio.h */,
				9EFBC0BB095D72B3DCB340B2 /* coreaudio-dsp.h */,
				872EB73A6E085AA618C7DC9A /* coreaudio-ios-dsp.h */,
				8C8D4F70FC5798B2E06E5E68 /* dummy-audio.h */,
				8861BA11581C0E23A6934FDA /* jack-dsp.h */,
				50E712CE38B7F6B90E47CFF2 /* netjack-dsp.h */,
				88B2E42B8F81C829901A4943 /* opensles-android-dsp.h */,
				D2E87F01557ADD3F62944586 /* osc-dsp.h */,
				9D4D9B2D4E8EE6B8C8EB8B47 /* portaudio-dsp.h */,
				4F7468E221CD6B14E39CD46D /* rtaudio-dsp.h */,
			);
			name = audio;
			sourceTree = "<group>";
		};
/* End PBXGroup section */

/* Begin PBXNativeTarget section */
		E4B69B5A0A3A1756003C02F2 /* ofxFaust_firstexample */ = {
			isa = PBXNativeTarget;
			buildConfigurationList = E4B69B5F0A3A1757003C02F2 /* Build configuration list for PBXNativeTarget "ofxFaust_firstexample" */;
			buildPhases = (
				E4B69B580A3A1756003C02F2 /* Sources */,
				E4B69B590A3A1756003C02F2 /* Frameworks */,
				E4B6FFFD0C3F9AB9008CF71C /* ShellScript */,
				E4C2427710CC5ABF004149E2 /* CopyFiles */,
			);
			buildRules = (
			);
			dependencies = (
				E4EEB9AC138B136A00A80321 /* PBXTargetDependency */,
			);
			name = ofxFaust_firstexample;
			productName = myOFApp;
			productReference = E4B69B5B0A3A1756003C02F2 /* ofxFaust_firstexampleDebug.app */;
			productType = "com.apple.product-type.application";
		};
/* End PBXNativeTarget section */

/* Begin PBXProject section */
		E4B69B4C0A3A1720003C02F2 /* Project object */ = {
			isa = PBXProject;
			attributes = {
				LastUpgradeCheck = 0600;
			};
			buildConfigurationList = E4B69B4D0A3A1720003C02F2 /* Build configuration list for PBXProject "ofxFaust_firstexample" */;
			compatibilityVersion = "Xcode 3.2";
			developmentRegion = English;
			hasScannedForEncodings = 0;
			knownRegions = (
				English,
				Japanese,
				French,
				German,
			);
			mainGroup = E4B69B4A0A3A1720003C02F2;
			productRefGroup = E4B69B4A0A3A1720003C02F2;
			projectDirPath = "";
			projectReferences = (
				{
					ProductGroup = E4328144138ABC890047C5CB /* Products */;
					ProjectRef = E4328143138ABC890047C5CB /* openFrameworksLib.xcodeproj */;
				},
			);
			projectRoot = "";
			targets = (
				E4B69B5A0A3A1756003C02F2 /* ofxFaust_firstexample */,
			);
		};
/* End PBXProject section */

/* Begin PBXReferenceProxy section */
		E4328148138ABC890047C5CB /* openFrameworksDebug.a */ = {
			isa = PBXReferenceProxy;
			fileType = archive.ar;
			path = openFrameworksDebug.a;
			remoteRef = E4328147138ABC890047C5CB /* PBXContainerItemProxy */;
			sourceTree = BUILT_PRODUCTS_DIR;
		};
/* End PBXReferenceProxy section */

/* Begin PBXShellScriptBuildPhase section */
		E4B6FFFD0C3F9AB9008CF71C /* ShellScript */ = {
			isa = PBXShellScriptBuildPhase;
			buildActionMask = 2147483647;
			files = (
			);
			inputPaths = (
			);
			outputPaths = (
			);
			runOnlyForDeploymentPostprocessing = 0;
			shellPath = /bin/sh;
			shellScript = "rsync -aved ../../../libs/fmodex/lib/osx/libfmodex.dylib \"$TARGET_BUILD_DIR/$PRODUCT_NAME.app/Contents/MacOS/\"; install_name_tool -change ./libfmodex.dylib @executable_path/libfmodex.dylib \"$TARGET_BUILD_DIR/$PRODUCT_NAME.app/Contents/MacOS/$PRODUCT_NAME\";\nmkdir -p \"$TARGET_BUILD_DIR/$PRODUCT_NAME.app/Contents/Resources/\"\nrsync -aved \"$ICON_FILE\" \"$TARGET_BUILD_DIR/$PRODUCT_NAME.app/Contents/Resources/\"\nrsync -aved ../../../libs/glut/lib/osx/GLUT.framework \"$TARGET_BUILD_DIR/$PRODUCT_NAME.app/Contents/Frameworks/\"\n";
		};
/* End PBXShellScriptBuildPhase section */

/* Begin PBXSourcesBuildPhase section */
		E4B69B580A3A1756003C02F2 /* Sources */ = {
			isa = PBXSourcesBuildPhase;
			buildActionMask = 2147483647;
			files = (
				E4B69E200A3A1BDC003C02F2 /* main.cpp in Sources */,
				E4B69E210A3A1BDC003C02F2 /* ofApp.cpp in Sources */,
				38799893026762FF2D783B61 /* ofxFaust.cpp in Sources */,
				856AA354D08AB4B323081444 /* ofxBaseGui.cpp in Sources */,
				5CBB2AB3A60F65431D7B555D /* ofxButton.cpp in Sources */,
				B266578FC55D23BFEBC042E7 /* ofxGuiGroup.cpp in Sources */,
				483908258D00B98B4BE69F07 /* ofxLabel.cpp in Sources */,
				F285EB3169F1566CA3D93C20 /* ofxPanel.cpp in Sources */,
				837220E80EB56CD44AD27F2A /* ofxSlider.cpp in Sources */,
				B56FE57CC35806596D38118C /* ofxSliderGroup.cpp in Sources */,
				1CD33E884D9E3358252E82A1 /* ofxToggle.cpp in Sources */,
			);
			runOnlyForDeploymentPostprocessing = 0;
		};
/* End PBXSourcesBuildPhase section */

/* Begin PBXTargetDependency section */
		E4EEB9AC138B136A00A80321 /* PBXTargetDependency */ = {
			isa = PBXTargetDependency;
			name = openFrameworks;
			targetProxy = E4EEB9AB138B136A00A80321 /* PBXContainerItemProxy */;
		};
/* End PBXTargetDependency section */

/* Begin XCBuildConfiguration section */
		E4B69B4E0A3A1720003C02F2 /* Debug */ = {
			isa = XCBuildConfiguration;
			baseConfigurationReference = E4EB6923138AFD0F00A09F29 /* Project.xcconfig */;
			buildSettings = {
				CONFIGURATION_BUILD_DIR = "$(SRCROOT)/bin/";
				COPY_PHASE_STRIP = NO;
				DEAD_CODE_STRIPPING = YES;
				GCC_AUTO_VECTORIZATION = YES;
				GCC_ENABLE_SSE3_EXTENSIONS = YES;
				GCC_ENABLE_SUPPLEMENTAL_SSE3_INSTRUCTIONS = YES;
				GCC_INLINES_ARE_PRIVATE_EXTERN = NO;
				GCC_OPTIMIZATION_LEVEL = 0;
				GCC_SYMBOLS_PRIVATE_EXTERN = NO;
				GCC_WARN_ABOUT_DEPRECATED_FUNCTIONS = YES;
				GCC_WARN_ABOUT_INVALID_OFFSETOF_MACRO = NO;
				GCC_WARN_ALLOW_INCOMPLETE_PROTOCOL = NO;
				GCC_WARN_UNINITIALIZED_AUTOS = NO;
				GCC_WARN_UNUSED_VALUE = NO;
				GCC_WARN_UNUSED_VARIABLE = NO;
				HEADER_SEARCH_PATHS = (
					"$(OF_CORE_HEADERS)",
					../../../addons/ofxFaust/libs,
					../../../addons/ofxFaust/libs/libfaust,
					../../../addons/ofxFaust/libs/libfaust/include,
					../../../addons/ofxFaust/libs/libfaust/include/boxes,
					../../../addons/ofxFaust/libs/libfaust/include/documentator,
					../../../addons/ofxFaust/libs/libfaust/include/draw,
					../../../addons/ofxFaust/libs/libfaust/include/draw/device,
					../../../addons/ofxFaust/libs/libfaust/include/draw/schema,
					../../../addons/ofxFaust/libs/libfaust/include/errors,
					../../../addons/ofxFaust/libs/libfaust/include/evaluate,
					../../../addons/ofxFaust/libs/libfaust/include/extended,
					../../../addons/ofxFaust/libs/libfaust/include/faust,
					../../../addons/ofxFaust/libs/libfaust/include/faust/au,
					../../../addons/ofxFaust/libs/libfaust/include/faust/audio,
					../../../addons/ofxFaust/libs/libfaust/include/faust/dsp,
					../../../addons/ofxFaust/libs/libfaust/include/faust/gui,
					../../../addons/ofxFaust/libs/libfaust/include/faust/gui/Styles,
					../../../addons/ofxFaust/libs/libfaust/include/faust/midi,
					../../../addons/ofxFaust/libs/libfaust/include/faust/vst,
					../../../addons/ofxFaust/libs/libfaust/include/generator,
					../../../addons/ofxFaust/libs/libfaust/include/generator/asmjs,
					../../../addons/ofxFaust/libs/libfaust/include/generator/c,
					../../../addons/ofxFaust/libs/libfaust/include/generator/cpp,
					../../../addons/ofxFaust/libs/libfaust/include/generator/fir,
					../../../addons/ofxFaust/libs/libfaust/include/generator/java,
					../../../addons/ofxFaust/libs/libfaust/include/generator/js,
					../../../addons/ofxFaust/libs/libfaust/include/generator/llvm,
					../../../addons/ofxFaust/libs/libfaust/include/generator/llvm/machine,
					../../../addons/ofxFaust/libs/libfaust/include/generator/wasm,
					../../../addons/ofxFaust/libs/libfaust/include/normalize,
					../../../addons/ofxFaust/libs/libfaust/include/parallelize,
					../../../addons/ofxFaust/libs/libfaust/include/parser,
					../../../addons/ofxFaust/libs/libfaust/include/patternmatcher,
					../../../addons/ofxFaust/libs/libfaust/include/propagate,
					../../../addons/ofxFaust/libs/libfaust/include/signals,
					../../../addons/ofxFaust/libs/libfaust/include/tlib,
					../../../addons/ofxFaust/libs/libfaust/include/utils,
					../../../addons/ofxFaust/libs/libfaust/lib,
					../../../addons/ofxFaust/src,
					../../../addons/ofxGui/src,
				);
				MACOSX_DEPLOYMENT_TARGET = 10.8;
				ONLY_ACTIVE_ARCH = YES;
				OTHER_CPLUSPLUSFLAGS = (
					"-D__MACOSX_CORE__",
					"-mtune=native",
				);
				SDKROOT = macosx;
			};
			name = Debug;
		};
		E4B69B4F0A3A1720003C02F2 /* Release */ = {
			isa = XCBuildConfiguration;
			baseConfigurationReference = E4EB6923138AFD0F00A09F29 /* Project.xcconfig */;
			buildSettings = {
				CONFIGURATION_BUILD_DIR = "$(SRCROOT)/bin/";
				COPY_PHASE_STRIP = YES;
				DEAD_CODE_STRIPPING = YES;
				GCC_AUTO_VECTORIZATION = YES;
				GCC_ENABLE_SSE3_EXTENSIONS = YES;
				GCC_ENABLE_SUPPLEMENTAL_SSE3_INSTRUCTIONS = YES;
				GCC_INLINES_ARE_PRIVATE_EXTERN = NO;
				GCC_OPTIMIZATION_LEVEL = 3;
				GCC_SYMBOLS_PRIVATE_EXTERN = NO;
				GCC_UNROLL_LOOPS = YES;
				GCC_WARN_ABOUT_DEPRECATED_FUNCTIONS = YES;
				GCC_WARN_ABOUT_INVALID_OFFSETOF_MACRO = NO;
				GCC_WARN_ALLOW_INCOMPLETE_PROTOCOL = NO;
				GCC_WARN_UNINITIALIZED_AUTOS = NO;
				GCC_WARN_UNUSED_VALUE = NO;
				GCC_WARN_UNUSED_VARIABLE = NO;
				HEADER_SEARCH_PATHS = (
					"$(OF_CORE_HEADERS)",
					../../../addons/ofxFaust/libs,
					../../../addons/ofxFaust/libs/libfaust,
					../../../addons/ofxFaust/libs/libfaust/include,
					../../../addons/ofxFaust/libs/libfaust/include/boxes,
					../../../addons/ofxFaust/libs/libfaust/include/documentator,
					../../../addons/ofxFaust/libs/libfaust/include/draw,
					../../../addons/ofxFaust/libs/libfaust/include/draw/device,
					../../../addons/ofxFaust/libs/libfaust/include/draw/schema,
					../../../addons/ofxFaust/libs/libfaust/include/errors,
					../../../addons/ofxFaust/libs/libfaust/include/evaluate,
					../../../addons/ofxFaust/libs/libfaust/include/extended,
					../../../addons/ofxFaust/libs/libfaust/include/faust,
					../../../addons/ofxFaust/libs/libfaust/include/faust/au,
					../../../addons/ofxFaust/libs/libfaust/include/faust/audio,
					../../../addons/ofxFaust/libs/libfaust/include/faust/dsp,
					../../../addons/ofxFaust/libs/libfaust/include/faust/gui,
					../../../addons/ofxFaust/libs/libfaust/include/faust/gui/Styles,
					../../../addons/ofxFaust/libs/libfaust/include/faust/midi,
					../../../addons/ofxFaust/libs/libfaust/include/faust/vst,
					../../../addons/ofxFaust/libs/libfaust/include/generator,
					../../../addons/ofxFaust/libs/libfaust/include/generator/asmjs,
					../../../addons/ofxFaust/libs/libfaust/include/generator/c,
					../../../addons/ofxFaust/libs/libfaust/include/generator/cpp,
					../../../addons/ofxFaust/libs/libfaust/include/generator/fir,
					../../../addons/ofxFaust/libs/libfaust/include/generator/java,
					../../../addons/ofxFaust/libs/libfaust/include/generator/js,
					../../../addons/ofxFaust/libs/libfaust/include/generator/llvm,
					../../../addons/ofxFaust/libs/libfaust/include/generator/llvm/machine,
					../../../addons/ofxFaust/libs/libfaust/include/generator/wasm,
					../../../addons/ofxFaust/libs/libfaust/include/normalize,
					../../../addons/ofxFaust/libs/libfaust/include/parallelize,
					../../../addons/ofxFaust/libs/libfaust/include/parser,
					../../../addons/ofxFaust/libs/libfaust/include/patternmatcher,
					../../../addons/ofxFaust/libs/libfaust/include/propagate,
					../../../addons/ofxFaust/libs/libfaust/include/signals,
					../../../addons/ofxFaust/libs/libfaust/include/tlib,
					../../../addons/ofxFaust/libs/libfaust/include/utils,
					../../../addons/ofxFaust/libs/libfaust/lib,
					../../../addons/ofxFaust/src,
					../../../addons/ofxGui/src,
				);
				MACOSX_DEPLOYMENT_TARGET = 10.8;
				OTHER_CPLUSPLUSFLAGS = (
					"-D__MACOSX_CORE__",
					"-mtune=native",
				);
				SDKROOT = macosx;
			};
			name = Release;
		};
		E4B69B600A3A1757003C02F2 /* Debug */ = {
			isa = XCBuildConfiguration;
			baseConfigurationReference = E4EB6923138AFD0F00A09F29 /* Project.xcconfig */;
			buildSettings = {
				COMBINE_HIDPI_IMAGES = YES;
				COPY_PHASE_STRIP = NO;
				FRAMEWORK_SEARCH_PATHS = (
					"$(inherited)",
					"$(FRAMEWORK_SEARCH_PATHS_QUOTED_FOR_TARGET_1)",
				);
				FRAMEWORK_SEARCH_PATHS_QUOTED_FOR_TARGET_1 = "\"$(SRCROOT)/../../../libs/glut/lib/osx\"";
				GCC_DYNAMIC_NO_PIC = NO;
				GCC_GENERATE_DEBUGGING_SYMBOLS = YES;
				GCC_MODEL_TUNING = NONE;
				HEADER_SEARCH_PATHS = (
					"$(OF_CORE_HEADERS)",
					../../../addons/ofxFaust/libs,
					../../../addons/ofxFaust/libs/libfaust,
					../../../addons/ofxFaust/libs/libfaust/include,
					../../../addons/ofxFaust/libs/libfaust/include/boxes,
					../../../addons/ofxFaust/libs/libfaust/include/documentator,
					../../../addons/ofxFaust/libs/libfaust/include/draw,
					../../../addons/ofxFaust/libs/libfaust/include/draw/device,
					../../../addons/ofxFaust/libs/libfaust/include/draw/schema,
					../../../addons/ofxFaust/libs/libfaust/include/errors,
					../../../addons/ofxFaust/libs/libfaust/include/evaluate,
					../../../addons/ofxFaust/libs/libfaust/include/extended,
					../../../addons/ofxFaust/libs/libfaust/include/faust,
					../../../addons/ofxFaust/libs/libfaust/include/faust/au,
					../../../addons/ofxFaust/libs/libfaust/include/faust/audio,
					../../../addons/ofxFaust/libs/libfaust/include/faust/dsp,
					../../../addons/ofxFaust/libs/libfaust/include/faust/gui,
					../../../addons/ofxFaust/libs/libfaust/include/faust/gui/Styles,
					../../../addons/ofxFaust/libs/libfaust/include/faust/midi,
					../../../addons/ofxFaust/libs/libfaust/include/faust/vst,
					../../../addons/ofxFaust/libs/libfaust/include/generator,
					../../../addons/ofxFaust/libs/libfaust/include/generator/asmjs,
					../../../addons/ofxFaust/libs/libfaust/include/generator/c,
					../../../addons/ofxFaust/libs/libfaust/include/generator/cpp,
					../../../addons/ofxFaust/libs/libfaust/include/generator/fir,
					../../../addons/ofxFaust/libs/libfaust/include/generator/java,
					../../../addons/ofxFaust/libs/libfaust/include/generator/js,
					../../../addons/ofxFaust/libs/libfaust/include/generator/llvm,
					../../../addons/ofxFaust/libs/libfaust/include/generator/llvm/machine,
					../../../addons/ofxFaust/libs/libfaust/include/generator/wasm,
					../../../addons/ofxFaust/libs/libfaust/include/normalize,
					../../../addons/ofxFaust/libs/libfaust/include/parallelize,
					../../../addons/ofxFaust/libs/libfaust/include/parser,
					../../../addons/ofxFaust/libs/libfaust/include/patternmatcher,
					../../../addons/ofxFaust/libs/libfaust/include/propagate,
					../../../addons/ofxFaust/libs/libfaust/include/signals,
					../../../addons/ofxFaust/libs/libfaust/include/tlib,
					../../../addons/ofxFaust/libs/libfaust/include/utils,
					../../../addons/ofxFaust/libs/libfaust/lib,
					../../../addons/ofxFaust/src,
					../../../addons/ofxGui/src,
				);
				ICON = "$(ICON_NAME_DEBUG)";
				ICON_FILE = "$(ICON_FILE_PATH)$(ICON)";
				INFOPLIST_FILE = "openFrameworks-Info.plist";
				INSTALL_PATH = "$(HOME)/Applications";
				LIBRARY_SEARCH_PATHS = (
					"$(inherited)",
					"/usr/local/Cellar/llvm35/3.5.1/lib/llvm-3.5/lib",
					../../../addons/ofxFaust/libs/libfaust/lib,
				);
				PRODUCT_NAME = "$(TARGET_NAME)Debug";
				WRAPPER_EXTENSION = app;
			};
			name = Debug;
		};
		E4B69B610A3A1757003C02F2 /* Release */ = {
			isa = XCBuildConfiguration;
			baseConfigurationReference = E4EB6923138AFD0F00A09F29 /* Project.xcconfig */;
			buildSettings = {
				COMBINE_HIDPI_IMAGES = YES;
				COPY_PHASE_STRIP = YES;
				FRAMEWORK_SEARCH_PATHS = (
					"$(inherited)",
					"$(FRAMEWORK_SEARCH_PATHS_QUOTED_FOR_TARGET_1)",
				);
				FRAMEWORK_SEARCH_PATHS_QUOTED_FOR_TARGET_1 = "\"$(SRCROOT)/../../../libs/glut/lib/osx\"";
				GCC_GENERATE_DEBUGGING_SYMBOLS = YES;
				GCC_MODEL_TUNING = NONE;
				HEADER_SEARCH_PATHS = (
					"$(OF_CORE_HEADERS)",
					../../../addons/ofxFaust/libs,
					../../../addons/ofxFaust/libs/libfaust,
					../../../addons/ofxFaust/libs/libfaust/include,
					../../../addons/ofxFaust/libs/libfaust/include/boxes,
					../../../addons/ofxFaust/libs/libfaust/include/documentator,
					../../../addons/ofxFaust/libs/libfaust/include/draw,
					../../../addons/ofxFaust/libs/libfaust/include/draw/device,
					../../../addons/ofxFaust/libs/libfaust/include/draw/schema,
					../../../addons/ofxFaust/libs/libfaust/include/errors,
					../../../addons/ofxFaust/libs/libfaust/include/evaluate,
					../../../addons/ofxFaust/libs/libfaust/include/extended,
					../../../addons/ofxFaust/libs/libfaust/include/faust,
					../../../addons/ofxFaust/libs/libfaust/include/faust/au,
					../../../addons/ofxFaust/libs/libfaust/include/faust/audio,
					../../../addons/ofxFaust/libs/libfaust/include/faust/dsp,
					../../../addons/ofxFaust/libs/libfaust/include/faust/gui,
					../../../addons/ofxFaust/libs/libfaust/include/faust/gui/Styles,
					../../../addons/ofxFaust/libs/libfaust/include/faust/midi,
					../../../addons/ofxFaust/libs/libfaust/include/faust/vst,
					../../../addons/ofxFaust/libs/libfaust/include/generator,
					../../../addons/ofxFaust/libs/libfaust/include/generator/asmjs,
					../../../addons/ofxFaust/libs/libfaust/include/generator/c,
					../../../addons/ofxFaust/libs/libfaust/include/generator/cpp,
					../../../addons/ofxFaust/libs/libfaust/include/generator/fir,
					../../../addons/ofxFaust/libs/libfaust/include/generator/java,
					../../../addons/ofxFaust/libs/libfaust/include/generator/js,
					../../../addons/ofxFaust/libs/libfaust/include/generator/llvm,
					../../../addons/ofxFaust/libs/libfaust/include/generator/llvm/machine,
					../../../addons/ofxFaust/libs/libfaust/include/generator/wasm,
					../../../addons/ofxFaust/libs/libfaust/include/normalize,
					../../../addons/ofxFaust/libs/libfaust/include/parallelize,
					../../../addons/ofxFaust/libs/libfaust/include/parser,
					../../../addons/ofxFaust/libs/libfaust/include/patternmatcher,
					../../../addons/ofxFaust/libs/libfaust/include/propagate,
					../../../addons/ofxFaust/libs/libfaust/include/signals,
					../../../addons/ofxFaust/libs/libfaust/include/tlib,
					../../../addons/ofxFaust/libs/libfaust/include/utils,
					../../../addons/ofxFaust/libs/libfaust/lib,
					../../../addons/ofxFaust/src,
					../../../addons/ofxGui/src,
				);
				ICON = "$(ICON_NAME_RELEASE)";
				ICON_FILE = "$(ICON_FILE_PATH)$(ICON)";
				INFOPLIST_FILE = "openFrameworks-Info.plist";
				INSTALL_PATH = "$(HOME)/Applications";
				LIBRARY_SEARCH_PATHS = (
					"$(inherited)",
					"/usr/local/Cellar/llvm35/3.5.1/lib/llvm-3.5/lib",
					../../../addons/ofxFaust/libs/libfaust/lib,
				);
				PRODUCT_NAME = "$(TARGET_NAME)";
				WRAPPER_EXTENSION = app;
				baseConfigurationReference = E4EB6923138AFD0F00A09F29;
			};
			name = Release;
		};
/* End XCBuildConfiguration section */

/* Begin XCConfigurationList section */
		E4B69B4D0A3A1720003C02F2 /* Build configuration list for PBXProject "ofxFaust_firstexample" */ = {
			isa = XCConfigurationList;
			buildConfigurations = (
				E4B69B4E0A3A1720003C02F2 /* Debug */,
				E4B69B4F0A3A1720003C02F2 /* Release */,
			);
			defaultConfigurationIsVisible = 0;
			defaultConfigurationName = Release;
		};
		E4B69B5F0A3A1757003C02F2 /* Build configuration list for PBXNativeTarget "ofxFaust_firstexample" */ = {
			isa = XCConfigurationList;
			buildConfigurations = (
				E4B69B600A3A1757003C02F2 /* Debug */,
				E4B69B610A3A1757003C02F2 /* Release */,
			);
			defaultConfigurationIsVisible = 0;
			defaultConfigurationName = Release;
		};
/* End XCConfigurationList section */
	};
	rootObject = E4B69B4C0A3A1720003C02F2 /* Project object */;
}
